<?xml version="1.0" encoding="UTF-8"?>
<CodeBlocks_project_file>
	<FileVersion major="1" minor="6"/>
	<Project>
		<Option title="ExptoXYZRGBA"/>
		<Option makefile_is_custom="1"/>
		<Option compiler="msvc8"/>
		<Option virtualFolders="CMake Files\;CMake Files\Qt\;CMake Files\Qt\Qt5.10\;CMake Files\Qt\Qt5.10\5.10.0\;CMake Files\Qt\Qt5.10\5.10.0\msvc2017_64\;CMake Files\Qt\Qt5.10\5.10.0\msvc2017_64\lib\;CMake Files\Qt\Qt5.10\5.10.0\msvc2017_64\lib\cmake\;CMake Files\Qt\Qt5.10\5.10.0\msvc2017_64\lib\cmake\Qt5\;CMake Files\Qt\Qt5.10\5.10.0\msvc2017_64\lib\cmake\Qt5Core\;CMake Files\Qt\Qt5.10\5.10.0\msvc2017_64\lib\cmake\Qt5Widgets\;CMake Files\Qt\Qt5.10\5.10.0\msvc2017_64\lib\cmake\Qt5Gui\;CMake Files\Qt\Qt5.10\5.10.0\msvc2017_64\lib\cmake\Qt5Network\;CMake Files\Qt\Qt5.10\5.10.0\msvc2017_64\lib\cmake\Qt5Concurrent\;CMake Files\Qt\Qt5.10\5.10.0\msvc2017_64\lib\cmake\Qt5OpenGL\;CMake Files\Qt\Qt5.10\5.10.0\msvc2017_64\lib\cmake\Qt5Sql\;CMake Files\Program Files\;CMake Files\Program Files\PCL\;CMake Files\Program Files\PCL\cmake\;CMake Files\Program Files\PCL\cmake\Modules\;CMake Files\Program Files\VTK\;CMake Files\Program Files\VTK\lib\;CMake Files\Program Files\VTK\lib\cmake\;CMake Files\Program Files\VTK\lib\cmake\vtk-8.0\;CMake Files\Program Files\VTK\lib\cmake\vtk-8.0\Modules\;"/>
		<Build>
			<Target title="all">
				<Option working_dir="D:/GitHub/cpp/ExptoXYZRGBA/build"/>
				<Option type="4"/>
				<MakeCommands>
					<Build command="nmake /NOLOGO /f D:\GitHub\cpp\ExptoXYZRGBA\build\Makefile VERBOSE=1 all"/>
					<CompileFile command="nmake /NOLOGO /f D:\GitHub\cpp\ExptoXYZRGBA\build\Makefile VERBOSE=1 &quot;$file&quot;"/>
					<Clean command="nmake /NOLOGO /f D:\GitHub\cpp\ExptoXYZRGBA\build\Makefile VERBOSE=1 clean"/>
					<DistClean command="nmake /NOLOGO /f D:\GitHub\cpp\ExptoXYZRGBA\build\Makefile VERBOSE=1 clean"/>
				</MakeCommands>
			</Target>
			<Target title="ExptoXYZRGBA">
				<Option output="D:/GitHub/cpp/ExptoXYZRGBA/build/ExptoXYZRGBA.exe" prefix_auto="0" extension_auto="0"/>
				<Option working_dir="D:/GitHub/cpp/ExptoXYZRGBA/build"/>
				<Option object_output="./"/>
				<Option type="1"/>
				<Option compiler="msvc8"/>
				<Compiler>
					<Add option="-DvtkDomainsChemistry_AUTOINIT=1(vtkDomainsChemistryOpenGL2)"/>
					<Add option="-DvtkIOExport_AUTOINIT=1(vtkIOExportOpenGL2)"/>
					<Add option="-DvtkIOGeometry_AUTOINIT=1(vtkIOMPIParallel)"/>
					<Add option="-DvtkIOImage_AUTOINIT=1(vtkIOMPIImage)"/>
					<Add option="-DvtkIOParallel_AUTOINIT=1(vtkIOMPIParallel)"/>
					<Add option="-DvtkRenderingContext2D_AUTOINIT=1(vtkRenderingContextOpenGL2)"/>
					<Add option="-DvtkRenderingCore_AUTOINIT=3(vtkInteractionStyle,vtkRenderingFreeType,vtkRenderingOpenGL2)"/>
					<Add option="-DvtkRenderingOpenGL2_AUTOINIT=1(vtkRenderingGL2PSOpenGL2)"/>
					<Add option="-DvtkRenderingVolume_AUTOINIT=1(vtkRenderingVolumeOpenGL2)"/>
					<Add option="-Dqh_QHpointer"/>
					<Add option="-Dqh_QHpointer_dllimport"/>
					<Add option="-DGLEW_STATIC"/>
					<Add option="-DQT_CORE_LIB"/>
					<Add option="-DQT_WIDGETS_LIB"/>
					<Add option="-DQT_GUI_LIB"/>
					<Add option="-DQT_NETWORK_LIB"/>
					<Add option="-DQT_CONCURRENT_LIB"/>
					<Add option="-DBOOST_ALL_NO_LIB"/>
					<Add option="-DDISABLE_OPENNI"/>
					<Add option="-DDISABLE_OPENNI2"/>
					<Add option="-DDISABLE_ENSENSO"/>
					<Add option="-DDISABLE_DAVIDSDK"/>
					<Add option="-DDISABLE_DSSDK"/>
					<Add option="-DDISABLE_RSSDK"/>
					<Add option="-DDISABLE_PCAP"/>
					<Add option="-DDISABLE_PNG"/>
					<Add option="-DQT_NO_DEBUG"/>
					<Add option="-DQT_SQL_LIB"/>
					<Add directory="D:/GitHub/cpp/ExptoXYZRGBA/build"/>
					<Add directory="D:/GitHub/cpp/ExptoXYZRGBA"/>
					<Add directory="D:/GitHub/cpp/ExptoXYZRGBA/build/ExptoXYZRGBA_autogen/include"/>
					<Add directory="C:/Program Files/VTK/include/vtk-8.0"/>
					<Add directory="C:/Program Files (x86)/Microsoft SDKs/Windows/v10.0A/include"/>
					<Add directory="C:/Program Files (x86)/Microsoft SDKs/MPI/include"/>
					<Add directory="C:/Qt/Qt5.10/5.10.0/msvc2017_64/include"/>
					<Add directory="C:/Qt/Qt5.10/5.10.0/msvc2017_64/include/QtCore"/>
					<Add directory="C:/Qt/Qt5.10/5.10.0/msvc2017_64/./mkspecs/win32-msvc"/>
					<Add directory="C:/Qt/Qt5.10/5.10.0/msvc2017_64/include/QtWidgets"/>
					<Add directory="C:/Qt/Qt5.10/5.10.0/msvc2017_64/include/QtGui"/>
					<Add directory="C:/Qt/Qt5.10/5.10.0/msvc2017_64/include/QtANGLE"/>
					<Add directory="C:/Qt/Qt5.10/5.10.0/msvc2017_64/include/QtNetwork"/>
					<Add directory="C:/Qt/Qt5.10/5.10.0/msvc2017_64/include/QtConcurrent"/>
					<Add directory="C:/Program Files/Microsoft SDKs/Kinect/v2.0_1409/inc"/>
					<Add directory="C:/Program Files/PCL/include/pcl-1.8"/>
					<Add directory="C:/Program Files/eigen/include/eigen3"/>
					<Add directory="C:/Program Files/boost/include/boost-1_65_1"/>
					<Add directory="C:/Program Files/flann/include"/>
					<Add directory="C:/Program Files/qhull/include"/>
					<Add directory="C:/Qt/Qt5.10/5.10.0/msvc2017_64/include/QtSql"/>
					<Add directory="C:/Program Files/VTK/include"/>
					<Add directory="C:\Program Files (x86)\Microsoft Visual Studio\2017\Enterprise\VC\Tools\MSVC\14.12.25827\ATLMFC\include"/>
					<Add directory="C:\Program Files (x86)\Microsoft Visual Studio\2017\Enterprise\VC\Tools\MSVC\14.12.25827\include"/>
					<Add directory="C:\Program Files (x86)\Windows Kits\NETFXSDK\4.6.1\include\um"/>
					<Add directory="C:\Program Files (x86)\Windows Kits\10\include\10.0.16299.0\ucrt"/>
					<Add directory="C:\Program Files (x86)\Windows Kits\10\include\10.0.16299.0\shared"/>
					<Add directory="C:\Program Files (x86)\Windows Kits\10\include\10.0.16299.0\um"/>
					<Add directory="C:\Program Files (x86)\Windows Kits\10\include\10.0.16299.0\winrt"/>
					<Add directory="C:\Program Files (x86)\Windows Kits\10\Include\10.0.10240.0\ucrt"/>
				</Compiler>
				<MakeCommands>
					<Build command="nmake /NOLOGO /f D:\GitHub\cpp\ExptoXYZRGBA\build\Makefile VERBOSE=1 ExptoXYZRGBA"/>
					<CompileFile command="nmake /NOLOGO /f D:\GitHub\cpp\ExptoXYZRGBA\build\Makefile VERBOSE=1 &quot;$file&quot;"/>
					<Clean command="nmake /NOLOGO /f D:\GitHub\cpp\ExptoXYZRGBA\build\Makefile VERBOSE=1 clean"/>
					<DistClean command="nmake /NOLOGO /f D:\GitHub\cpp\ExptoXYZRGBA\build\Makefile VERBOSE=1 clean"/>
				</MakeCommands>
			</Target>
			<Target title="ExptoXYZRGBA/fast">
				<Option output="D:/GitHub/cpp/ExptoXYZRGBA/build/ExptoXYZRGBA.exe" prefix_auto="0" extension_auto="0"/>
				<Option working_dir="D:/GitHub/cpp/ExptoXYZRGBA/build"/>
				<Option object_output="./"/>
				<Option type="1"/>
				<Option compiler="msvc8"/>
				<Compiler>
					<Add option="-DvtkDomainsChemistry_AUTOINIT=1(vtkDomainsChemistryOpenGL2)"/>
					<Add option="-DvtkIOExport_AUTOINIT=1(vtkIOExportOpenGL2)"/>
					<Add option="-DvtkIOGeometry_AUTOINIT=1(vtkIOMPIParallel)"/>
					<Add option="-DvtkIOImage_AUTOINIT=1(vtkIOMPIImage)"/>
					<Add option="-DvtkIOParallel_AUTOINIT=1(vtkIOMPIParallel)"/>
					<Add option="-DvtkRenderingContext2D_AUTOINIT=1(vtkRenderingContextOpenGL2)"/>
					<Add option="-DvtkRenderingCore_AUTOINIT=3(vtkInteractionStyle,vtkRenderingFreeType,vtkRenderingOpenGL2)"/>
					<Add option="-DvtkRenderingOpenGL2_AUTOINIT=1(vtkRenderingGL2PSOpenGL2)"/>
					<Add option="-DvtkRenderingVolume_AUTOINIT=1(vtkRenderingVolumeOpenGL2)"/>
					<Add option="-Dqh_QHpointer"/>
					<Add option="-Dqh_QHpointer_dllimport"/>
					<Add option="-DGLEW_STATIC"/>
					<Add option="-DQT_CORE_LIB"/>
					<Add option="-DQT_WIDGETS_LIB"/>
					<Add option="-DQT_GUI_LIB"/>
					<Add option="-DQT_NETWORK_LIB"/>
					<Add option="-DQT_CONCURRENT_LIB"/>
					<Add option="-DBOOST_ALL_NO_LIB"/>
					<Add option="-DDISABLE_OPENNI"/>
					<Add option="-DDISABLE_OPENNI2"/>
					<Add option="-DDISABLE_ENSENSO"/>
					<Add option="-DDISABLE_DAVIDSDK"/>
					<Add option="-DDISABLE_DSSDK"/>
					<Add option="-DDISABLE_RSSDK"/>
					<Add option="-DDISABLE_PCAP"/>
					<Add option="-DDISABLE_PNG"/>
					<Add option="-DQT_NO_DEBUG"/>
					<Add option="-DQT_SQL_LIB"/>
					<Add directory="D:/GitHub/cpp/ExptoXYZRGBA/build"/>
					<Add directory="D:/GitHub/cpp/ExptoXYZRGBA"/>
					<Add directory="D:/GitHub/cpp/ExptoXYZRGBA/build/ExptoXYZRGBA_autogen/include"/>
					<Add directory="C:/Program Files/VTK/include/vtk-8.0"/>
					<Add directory="C:/Program Files (x86)/Microsoft SDKs/Windows/v10.0A/include"/>
					<Add directory="C:/Program Files (x86)/Microsoft SDKs/MPI/include"/>
					<Add directory="C:/Qt/Qt5.10/5.10.0/msvc2017_64/include"/>
					<Add directory="C:/Qt/Qt5.10/5.10.0/msvc2017_64/include/QtCore"/>
					<Add directory="C:/Qt/Qt5.10/5.10.0/msvc2017_64/./mkspecs/win32-msvc"/>
					<Add directory="C:/Qt/Qt5.10/5.10.0/msvc2017_64/include/QtWidgets"/>
					<Add directory="C:/Qt/Qt5.10/5.10.0/msvc2017_64/include/QtGui"/>
					<Add directory="C:/Qt/Qt5.10/5.10.0/msvc2017_64/include/QtANGLE"/>
					<Add directory="C:/Qt/Qt5.10/5.10.0/msvc2017_64/include/QtNetwork"/>
					<Add directory="C:/Qt/Qt5.10/5.10.0/msvc2017_64/include/QtConcurrent"/>
					<Add directory="C:/Program Files/Microsoft SDKs/Kinect/v2.0_1409/inc"/>
					<Add directory="C:/Program Files/PCL/include/pcl-1.8"/>
					<Add directory="C:/Program Files/eigen/include/eigen3"/>
					<Add directory="C:/Program Files/boost/include/boost-1_65_1"/>
					<Add directory="C:/Program Files/flann/include"/>
					<Add directory="C:/Program Files/qhull/include"/>
					<Add directory="C:/Qt/Qt5.10/5.10.0/msvc2017_64/include/QtSql"/>
					<Add directory="C:/Program Files/VTK/include"/>
					<Add directory="C:\Program Files (x86)\Microsoft Visual Studio\2017\Enterprise\VC\Tools\MSVC\14.12.25827\ATLMFC\include"/>
					<Add directory="C:\Program Files (x86)\Microsoft Visual Studio\2017\Enterprise\VC\Tools\MSVC\14.12.25827\include"/>
					<Add directory="C:\Program Files (x86)\Windows Kits\NETFXSDK\4.6.1\include\um"/>
					<Add directory="C:\Program Files (x86)\Windows Kits\10\include\10.0.16299.0\ucrt"/>
					<Add directory="C:\Program Files (x86)\Windows Kits\10\include\10.0.16299.0\shared"/>
					<Add directory="C:\Program Files (x86)\Windows Kits\10\include\10.0.16299.0\um"/>
					<Add directory="C:\Program Files (x86)\Windows Kits\10\include\10.0.16299.0\winrt"/>
					<Add directory="C:\Program Files (x86)\Windows Kits\10\Include\10.0.10240.0\ucrt"/>
				</Compiler>
				<MakeCommands>
					<Build command="nmake /NOLOGO /f D:\GitHub\cpp\ExptoXYZRGBA\build\Makefile VERBOSE=1 ExptoXYZRGBA/fast"/>
					<CompileFile command="nmake /NOLOGO /f D:\GitHub\cpp\ExptoXYZRGBA\build\Makefile VERBOSE=1 &quot;$file&quot;"/>
					<Clean command="nmake /NOLOGO /f D:\GitHub\cpp\ExptoXYZRGBA\build\Makefile VERBOSE=1 clean"/>
					<DistClean command="nmake /NOLOGO /f D:\GitHub\cpp\ExptoXYZRGBA\build\Makefile VERBOSE=1 clean"/>
				</MakeCommands>
			</Target>
			<Target title="edit_cache">
				<Option working_dir="D:/GitHub/cpp/ExptoXYZRGBA/build"/>
				<Option type="4"/>
				<MakeCommands>
					<Build command="nmake /NOLOGO /f D:\GitHub\cpp\ExptoXYZRGBA\build\Makefile VERBOSE=1 edit_cache"/>
					<CompileFile command="nmake /NOLOGO /f D:\GitHub\cpp\ExptoXYZRGBA\build\Makefile VERBOSE=1 &quot;$file&quot;"/>
					<Clean command="nmake /NOLOGO /f D:\GitHub\cpp\ExptoXYZRGBA\build\Makefile VERBOSE=1 clean"/>
					<DistClean command="nmake /NOLOGO /f D:\GitHub\cpp\ExptoXYZRGBA\build\Makefile VERBOSE=1 clean"/>
				</MakeCommands>
			</Target>
			<Target title="Qt5CopyBinaries">
				<Option working_dir="D:/GitHub/cpp/ExptoXYZRGBA/build"/>
				<Option type="4"/>
				<MakeCommands>
					<Build command="nmake /NOLOGO /f D:\GitHub\cpp\ExptoXYZRGBA\build\Makefile VERBOSE=1 Qt5CopyBinaries"/>
					<CompileFile command="nmake /NOLOGO /f D:\GitHub\cpp\ExptoXYZRGBA\build\Makefile VERBOSE=1 &quot;$file&quot;"/>
					<Clean command="nmake /NOLOGO /f D:\GitHub\cpp\ExptoXYZRGBA\build\Makefile VERBOSE=1 clean"/>
					<DistClean command="nmake /NOLOGO /f D:\GitHub\cpp\ExptoXYZRGBA\build\Makefile VERBOSE=1 clean"/>
				</MakeCommands>
			</Target>
			<Target title="rebuild_cache">
				<Option working_dir="D:/GitHub/cpp/ExptoXYZRGBA/build"/>
				<Option type="4"/>
				<MakeCommands>
					<Build command="nmake /NOLOGO /f D:\GitHub\cpp\ExptoXYZRGBA\build\Makefile VERBOSE=1 rebuild_cache"/>
					<CompileFile command="nmake /NOLOGO /f D:\GitHub\cpp\ExptoXYZRGBA\build\Makefile VERBOSE=1 &quot;$file&quot;"/>
					<Clean command="nmake /NOLOGO /f D:\GitHub\cpp\ExptoXYZRGBA\build\Makefile VERBOSE=1 clean"/>
					<DistClean command="nmake /NOLOGO /f D:\GitHub\cpp\ExptoXYZRGBA\build\Makefile VERBOSE=1 clean"/>
				</MakeCommands>
			</Target>
			<Target title="ExptoXYZRGBA_autogen">
				<Option working_dir="D:/GitHub/cpp/ExptoXYZRGBA/build"/>
				<Option type="4"/>
				<MakeCommands>
					<Build command="nmake /NOLOGO /f D:\GitHub\cpp\ExptoXYZRGBA\build\Makefile VERBOSE=1 ExptoXYZRGBA_autogen"/>
					<CompileFile command="nmake /NOLOGO /f D:\GitHub\cpp\ExptoXYZRGBA\build\Makefile VERBOSE=1 &quot;$file&quot;"/>
					<Clean command="nmake /NOLOGO /f D:\GitHub\cpp\ExptoXYZRGBA\build\Makefile VERBOSE=1 clean"/>
					<DistClean command="nmake /NOLOGO /f D:\GitHub\cpp\ExptoXYZRGBA\build\Makefile VERBOSE=1 clean"/>
				</MakeCommands>
			</Target>
		</Build>
		<Unit filename="D:/GitHub/cpp/ExptoXYZRGBA/MainWindow.cpp">
			<Option target="ExptoXYZRGBA"/>
		</Unit>
		<Unit filename="D:/GitHub/cpp/ExptoXYZRGBA/MainWindow.h">
			<Option target="ExptoXYZRGBA"/>
		</Unit>
		<Unit filename="D:/GitHub/cpp/ExptoXYZRGBA/MainWindow.ui">
			<Option target="ExptoXYZRGBA"/>
		</Unit>
		<Unit filename="D:/GitHub/cpp/ExptoXYZRGBA/build/ExptoXYZRGBA_autogen/mocs_compilation.cpp">
			<Option target="ExptoXYZRGBA"/>
		</Unit>
		<Unit filename="D:/GitHub/cpp/ExptoXYZRGBA/kinect/KinectCloud.hpp">
			<Option target="ExptoXYZRGBA"/>
		</Unit>
		<Unit filename="D:/GitHub/cpp/ExptoXYZRGBA/kinect/KinectSensor.hpp">
			<Option target="ExptoXYZRGBA"/>
		</Unit>
		<Unit filename="D:/GitHub/cpp/ExptoXYZRGBA/kinect/KinectTypes.hpp">
			<Option target="ExptoXYZRGBA"/>
		</Unit>
		<Unit filename="D:/GitHub/cpp/ExptoXYZRGBA/main.cpp">
			<Option target="ExptoXYZRGBA"/>
		</Unit>
		<Unit filename="D:/GitHub/cpp/ExptoXYZRGBA/track/Centroid.hpp">
			<Option target="ExptoXYZRGBA"/>
		</Unit>
		<Unit filename="D:/GitHub/cpp/ExptoXYZRGBA/track/ColorRegion.hpp">
			<Option target="ExptoXYZRGBA"/>
		</Unit>
		<Unit filename="D:/GitHub/cpp/ExptoXYZRGBA/track/Compression.hpp">
			<Option target="ExptoXYZRGBA"/>
		</Unit>
		<Unit filename="D:/GitHub/cpp/ExptoXYZRGBA/track/Covariance.hpp">
			<Option target="ExptoXYZRGBA"/>
		</Unit>
		<Unit filename="D:/GitHub/cpp/ExptoXYZRGBA/track/EuclideanCluster.hpp">
			<Option target="ExptoXYZRGBA"/>
		</Unit>
		<Unit filename="D:/GitHub/cpp/ExptoXYZRGBA/track/PassthroughFilter.hpp">
			<Option target="ExptoXYZRGBA"/>
		</Unit>
		<Unit filename="D:/GitHub/cpp/ExptoXYZRGBA/track/RANSAC.hpp">
			<Option target="ExptoXYZRGBA"/>
		</Unit>
		<Unit filename="D:/GitHub/cpp/ExptoXYZRGBA/track/RadiusOutlier.hpp">
			<Option target="ExptoXYZRGBA"/>
		</Unit>
		<Unit filename="D:/GitHub/cpp/ExptoXYZRGBA/track/Reconstruction.hpp">
			<Option target="ExptoXYZRGBA"/>
		</Unit>
		<Unit filename="D:/GitHub/cpp/ExptoXYZRGBA/track/RemoveNaNs.hpp">
			<Option target="ExptoXYZRGBA"/>
		</Unit>
		<Unit filename="D:/GitHub/cpp/ExptoXYZRGBA/track/Resampling.hpp">
			<Option target="ExptoXYZRGBA"/>
		</Unit>
		<Unit filename="D:/GitHub/cpp/ExptoXYZRGBA/util/Defines.h">
			<Option target="ExptoXYZRGBA"/>
		</Unit>
		<Unit filename="D:/GitHub/cpp/ExptoXYZRGBA/util/Logger.cpp">
			<Option target="ExptoXYZRGBA"/>
		</Unit>
		<Unit filename="D:/GitHub/cpp/ExptoXYZRGBA/util/Logger.h">
			<Option target="ExptoXYZRGBA"/>
		</Unit>
		<Unit filename="D:/GitHub/cpp/ExptoXYZRGBA/util/MMF.cpp">
			<Option target="ExptoXYZRGBA"/>
		</Unit>
		<Unit filename="D:/GitHub/cpp/ExptoXYZRGBA/util/MMF.hpp">
			<Option target="ExptoXYZRGBA"/>
		</Unit>
		<Unit filename="D:/GitHub/cpp/ExptoXYZRGBA/widget/CaptureWidget.cpp">
			<Option target="ExptoXYZRGBA"/>
		</Unit>
		<Unit filename="D:/GitHub/cpp/ExptoXYZRGBA/widget/CaptureWidget.h">
			<Option target="ExptoXYZRGBA"/>
		</Unit>
		<Unit filename="D:/GitHub/cpp/ExptoXYZRGBA/widget/CaptureWidget.ui">
			<Option target="ExptoXYZRGBA"/>
		</Unit>
		<Unit filename="D:/GitHub/cpp/ExptoXYZRGBA/widget/ClusteringOptionWidget.cpp">
			<Option target="ExptoXYZRGBA"/>
		</Unit>
		<Unit filename="D:/GitHub/cpp/ExptoXYZRGBA/widget/ClusteringOptionWidget.h">
			<Option target="ExptoXYZRGBA"/>
		</Unit>
		<Unit filename="D:/GitHub/cpp/ExptoXYZRGBA/widget/ClusteringOptionWidget.ui">
			<Option target="ExptoXYZRGBA"/>
		</Unit>
		<Unit filename="D:/GitHub/cpp/ExptoXYZRGBA/widget/ClusteringWidget.cpp">
			<Option target="ExptoXYZRGBA"/>
		</Unit>
		<Unit filename="D:/GitHub/cpp/ExptoXYZRGBA/widget/ClusteringWidget.h">
			<Option target="ExptoXYZRGBA"/>
		</Unit>
		<Unit filename="D:/GitHub/cpp/ExptoXYZRGBA/widget/ClusteringWidget.ui">
			<Option target="ExptoXYZRGBA"/>
		</Unit>
		<Unit filename="D:/GitHub/cpp/ExptoXYZRGBA/widget/FileWidget.cpp">
			<Option target="ExptoXYZRGBA"/>
		</Unit>
		<Unit filename="D:/GitHub/cpp/ExptoXYZRGBA/widget/FileWidget.h">
			<Option target="ExptoXYZRGBA"/>
		</Unit>
		<Unit filename="D:/GitHub/cpp/ExptoXYZRGBA/widget/FileWidget.ui">
			<Option target="ExptoXYZRGBA"/>
		</Unit>
		<Unit filename="D:/GitHub/cpp/ExptoXYZRGBA/widget/FilterOptionWidget.cpp">
			<Option target="ExptoXYZRGBA"/>
		</Unit>
		<Unit filename="D:/GitHub/cpp/ExptoXYZRGBA/widget/FilterOptionWidget.h">
			<Option target="ExptoXYZRGBA"/>
		</Unit>
		<Unit filename="D:/GitHub/cpp/ExptoXYZRGBA/widget/FilterOptionWidget.ui">
			<Option target="ExptoXYZRGBA"/>
		</Unit>
		<Unit filename="D:/GitHub/cpp/ExptoXYZRGBA/widget/MinCutOptionWidget.cpp">
			<Option target="ExptoXYZRGBA"/>
		</Unit>
		<Unit filename="D:/GitHub/cpp/ExptoXYZRGBA/widget/MinCutOptionWidget.h">
			<Option target="ExptoXYZRGBA"/>
		</Unit>
		<Unit filename="D:/GitHub/cpp/ExptoXYZRGBA/widget/MinCutOptionWidget.ui">
			<Option target="ExptoXYZRGBA"/>
		</Unit>
		<Unit filename="D:/GitHub/cpp/ExptoXYZRGBA/widget/SegmentationOptionWidget.cpp">
			<Option target="ExptoXYZRGBA"/>
		</Unit>
		<Unit filename="D:/GitHub/cpp/ExptoXYZRGBA/widget/SegmentationOptionWidget.h">
			<Option target="ExptoXYZRGBA"/>
		</Unit>
		<Unit filename="D:/GitHub/cpp/ExptoXYZRGBA/widget/SegmentationOptionWidget.ui">
			<Option target="ExptoXYZRGBA"/>
		</Unit>
		<Unit filename="D:/GitHub/cpp/ExptoXYZRGBA/widget/TrackingWidget.cpp">
			<Option target="ExptoXYZRGBA"/>
		</Unit>
		<Unit filename="D:/GitHub/cpp/ExptoXYZRGBA/widget/TrackingWidget.h">
			<Option target="ExptoXYZRGBA"/>
		</Unit>
		<Unit filename="D:/GitHub/cpp/ExptoXYZRGBA/widget/TrackingWidget.ui">
			<Option target="ExptoXYZRGBA"/>
		</Unit>
		<Unit filename="D:/GitHub/cpp/ExptoXYZRGBA/widget/VideoQVTKOpenGLWidget.cpp">
			<Option target="ExptoXYZRGBA"/>
		</Unit>
		<Unit filename="D:/GitHub/cpp/ExptoXYZRGBA/widget/VideoQVTKOpenGLWidget.h">
			<Option target="ExptoXYZRGBA"/>
		</Unit>
		<Unit filename="D:/GitHub/cpp/ExptoXYZRGBA/CMakeLists.txt">
			<Option virtualFolder="CMake Files\"/>
		</Unit>
		<Unit filename="D:/GitHub/cpp/ExptoXYZRGBA/FindKinectSDK2.cmake">
			<Option virtualFolder="CMake Files\"/>
		</Unit>
		<Unit filename="D:/GitHub/cpp/ExptoXYZRGBA/Qt/Qt5.10/5.10.0/msvc2017_64/lib/cmake/Qt5/Qt5ConfigVersion.cmake">
			<Option virtualFolder="CMake Files\Qt\Qt5.10\5.10.0\msvc2017_64\lib\cmake\Qt5\"/>
		</Unit>
		<Unit filename="D:/GitHub/cpp/ExptoXYZRGBA/Qt/Qt5.10/5.10.0/msvc2017_64/lib/cmake/Qt5/Qt5Config.cmake">
			<Option virtualFolder="CMake Files\Qt\Qt5.10\5.10.0\msvc2017_64\lib\cmake\Qt5\"/>
		</Unit>
		<Unit filename="D:/GitHub/cpp/ExptoXYZRGBA/Qt/Qt5.10/5.10.0/msvc2017_64/lib/cmake/Qt5/Qt5ModuleLocation.cmake">
			<Option virtualFolder="CMake Files\Qt\Qt5.10\5.10.0\msvc2017_64\lib\cmake\Qt5\"/>
		</Unit>
		<Unit filename="D:/GitHub/cpp/ExptoXYZRGBA/Qt/Qt5.10/5.10.0/msvc2017_64/lib/cmake/Qt5/Qt5ConfigVersion.cmake">
			<Option virtualFolder="CMake Files\Qt\Qt5.10\5.10.0\msvc2017_64\lib\cmake\Qt5\"/>
		</Unit>
		<Unit filename="D:/GitHub/cpp/ExptoXYZRGBA/Qt/Qt5.10/5.10.0/msvc2017_64/lib/cmake/Qt5/Qt5Config.cmake">
			<Option virtualFolder="CMake Files\Qt\Qt5.10\5.10.0\msvc2017_64\lib\cmake\Qt5\"/>
		</Unit>
		<Unit filename="D:/GitHub/cpp/ExptoXYZRGBA/Qt/Qt5.10/5.10.0/msvc2017_64/lib/cmake/Qt5/Qt5ModuleLocation.cmake">
			<Option virtualFolder="CMake Files\Qt\Qt5.10\5.10.0\msvc2017_64\lib\cmake\Qt5\"/>
		</Unit>
		<Unit filename="D:/GitHub/cpp/ExptoXYZRGBA/Qt/Qt5.10/5.10.0/msvc2017_64/lib/cmake/Qt5/Qt5ConfigVersion.cmake">
			<Option virtualFolder="CMake Files\Qt\Qt5.10\5.10.0\msvc2017_64\lib\cmake\Qt5\"/>
		</Unit>
		<Unit filename="D:/GitHub/cpp/ExptoXYZRGBA/Qt/Qt5.10/5.10.0/msvc2017_64/lib/cmake/Qt5/Qt5Config.cmake">
			<Option virtualFolder="CMake Files\Qt\Qt5.10\5.10.0\msvc2017_64\lib\cmake\Qt5\"/>
		</Unit>
		<Unit filename="D:/GitHub/cpp/ExptoXYZRGBA/Qt/Qt5.10/5.10.0/msvc2017_64/lib/cmake/Qt5/Qt5ModuleLocation.cmake">
			<Option virtualFolder="CMake Files\Qt\Qt5.10\5.10.0\msvc2017_64\lib\cmake\Qt5\"/>
		</Unit>
		<Unit filename="D:/GitHub/cpp/ExptoXYZRGBA/Qt/Qt5.10/5.10.0/msvc2017_64/lib/cmake/Qt5/Qt5ConfigVersion.cmake">
			<Option virtualFolder="CMake Files\Qt\Qt5.10\5.10.0\msvc2017_64\lib\cmake\Qt5\"/>
		</Unit>
		<Unit filename="D:/GitHub/cpp/ExptoXYZRGBA/Qt/Qt5.10/5.10.0/msvc2017_64/lib/cmake/Qt5/Qt5Config.cmake">
			<Option virtualFolder="CMake Files\Qt\Qt5.10\5.10.0\msvc2017_64\lib\cmake\Qt5\"/>
		</Unit>
		<Unit filename="D:/GitHub/cpp/ExptoXYZRGBA/Qt/Qt5.10/5.10.0/msvc2017_64/lib/cmake/Qt5/Qt5ModuleLocation.cmake">
			<Option virtualFolder="CMake Files\Qt\Qt5.10\5.10.0\msvc2017_64\lib\cmake\Qt5\"/>
		</Unit>
		<Unit filename="D:/GitHub/cpp/ExptoXYZRGBA/Qt/Qt5.10/5.10.0/msvc2017_64/lib/cmake/Qt5/Qt5ConfigVersion.cmake">
			<Option virtualFolder="CMake Files\Qt\Qt5.10\5.10.0\msvc2017_64\lib\cmake\Qt5\"/>
		</Unit>
		<Unit filename="D:/GitHub/cpp/ExptoXYZRGBA/Qt/Qt5.10/5.10.0/msvc2017_64/lib/cmake/Qt5/Qt5Config.cmake">
			<Option virtualFolder="CMake Files\Qt\Qt5.10\5.10.0\msvc2017_64\lib\cmake\Qt5\"/>
		</Unit>
		<Unit filename="D:/GitHub/cpp/ExptoXYZRGBA/Qt/Qt5.10/5.10.0/msvc2017_64/lib/cmake/Qt5/Qt5ModuleLocation.cmake">
			<Option virtualFolder="CMake Files\Qt\Qt5.10\5.10.0\msvc2017_64\lib\cmake\Qt5\"/>
		</Unit>
		<Unit filename="D:/GitHub/cpp/ExptoXYZRGBA/Qt/Qt5.10/5.10.0/msvc2017_64/lib/cmake/Qt5/Qt5ConfigVersion.cmake">
			<Option virtualFolder="CMake Files\Qt\Qt5.10\5.10.0\msvc2017_64\lib\cmake\Qt5\"/>
		</Unit>
		<Unit filename="D:/GitHub/cpp/ExptoXYZRGBA/Qt/Qt5.10/5.10.0/msvc2017_64/lib/cmake/Qt5/Qt5Config.cmake">
			<Option virtualFolder="CMake Files\Qt\Qt5.10\5.10.0\msvc2017_64\lib\cmake\Qt5\"/>
		</Unit>
		<Unit filename="D:/GitHub/cpp/ExptoXYZRGBA/Qt/Qt5.10/5.10.0/msvc2017_64/lib/cmake/Qt5/Qt5ModuleLocation.cmake">
			<Option virtualFolder="CMake Files\Qt\Qt5.10\5.10.0\msvc2017_64\lib\cmake\Qt5\"/>
		</Unit>
		<Unit filename="D:/GitHub/cpp/ExptoXYZRGBA/Qt/Qt5.10/5.10.0/msvc2017_64/lib/cmake/Qt5Core/Qt5CoreConfigVersion.cmake">
			<Option virtualFolder="CMake Files\Qt\Qt5.10\5.10.0\msvc2017_64\lib\cmake\Qt5Core\"/>
		</Unit>
		<Unit filename="D:/GitHub/cpp/ExptoXYZRGBA/Qt/Qt5.10/5.10.0/msvc2017_64/lib/cmake/Qt5Core/Qt5CoreConfig.cmake">
			<Option virtualFolder="CMake Files\Qt\Qt5.10\5.10.0\msvc2017_64\lib\cmake\Qt5Core\"/>
		</Unit>
		<Unit filename="D:/GitHub/cpp/ExptoXYZRGBA/Qt/Qt5.10/5.10.0/msvc2017_64/lib/cmake/Qt5Core/Qt5CoreConfigExtras.cmake">
			<Option virtualFolder="CMake Files\Qt\Qt5.10\5.10.0\msvc2017_64\lib\cmake\Qt5Core\"/>
		</Unit>
		<Unit filename="D:/GitHub/cpp/ExptoXYZRGBA/Qt/Qt5.10/5.10.0/msvc2017_64/lib/cmake/Qt5Core/Qt5CoreConfigExtrasMkspecDir.cmake">
			<Option virtualFolder="CMake Files\Qt\Qt5.10\5.10.0\msvc2017_64\lib\cmake\Qt5Core\"/>
		</Unit>
		<Unit filename="D:/GitHub/cpp/ExptoXYZRGBA/Qt/Qt5.10/5.10.0/msvc2017_64/lib/cmake/Qt5Core/Qt5CoreMacros.cmake">
			<Option virtualFolder="CMake Files\Qt\Qt5.10\5.10.0\msvc2017_64\lib\cmake\Qt5Core\"/>
		</Unit>
		<Unit filename="D:/GitHub/cpp/ExptoXYZRGBA/Qt/Qt5.10/5.10.0/msvc2017_64/lib/cmake/Qt5Widgets/Qt5WidgetsConfigVersion.cmake">
			<Option virtualFolder="CMake Files\Qt\Qt5.10\5.10.0\msvc2017_64\lib\cmake\Qt5Widgets\"/>
		</Unit>
		<Unit filename="D:/GitHub/cpp/ExptoXYZRGBA/Qt/Qt5.10/5.10.0/msvc2017_64/lib/cmake/Qt5Widgets/Qt5WidgetsConfig.cmake">
			<Option virtualFolder="CMake Files\Qt\Qt5.10\5.10.0\msvc2017_64\lib\cmake\Qt5Widgets\"/>
		</Unit>
		<Unit filename="D:/GitHub/cpp/ExptoXYZRGBA/Qt/Qt5.10/5.10.0/msvc2017_64/lib/cmake/Qt5Widgets/Qt5Widgets_QWindowsVistaStylePlugin.cmake">
			<Option virtualFolder="CMake Files\Qt\Qt5.10\5.10.0\msvc2017_64\lib\cmake\Qt5Widgets\"/>
		</Unit>
		<Unit filename="D:/GitHub/cpp/ExptoXYZRGBA/Qt/Qt5.10/5.10.0/msvc2017_64/lib/cmake/Qt5Widgets/Qt5WidgetsConfigExtras.cmake">
			<Option virtualFolder="CMake Files\Qt\Qt5.10\5.10.0\msvc2017_64\lib\cmake\Qt5Widgets\"/>
		</Unit>
		<Unit filename="D:/GitHub/cpp/ExptoXYZRGBA/Qt/Qt5.10/5.10.0/msvc2017_64/lib/cmake/Qt5Widgets/Qt5WidgetsMacros.cmake">
			<Option virtualFolder="CMake Files\Qt\Qt5.10\5.10.0\msvc2017_64\lib\cmake\Qt5Widgets\"/>
		</Unit>
		<Unit filename="D:/GitHub/cpp/ExptoXYZRGBA/Qt/Qt5.10/5.10.0/msvc2017_64/lib/cmake/Qt5Widgets/Qt5WidgetsConfigVersion.cmake">
			<Option virtualFolder="CMake Files\Qt\Qt5.10\5.10.0\msvc2017_64\lib\cmake\Qt5Widgets\"/>
		</Unit>
		<Unit filename="D:/GitHub/cpp/ExptoXYZRGBA/Qt/Qt5.10/5.10.0/msvc2017_64/lib/cmake/Qt5Widgets/Qt5WidgetsConfig.cmake">
			<Option virtualFolder="CMake Files\Qt\Qt5.10\5.10.0\msvc2017_64\lib\cmake\Qt5Widgets\"/>
		</Unit>
		<Unit filename="D:/GitHub/cpp/ExptoXYZRGBA/Qt/Qt5.10/5.10.0/msvc2017_64/lib/cmake/Qt5Widgets/Qt5WidgetsConfigVersion.cmake">
			<Option virtualFolder="CMake Files\Qt\Qt5.10\5.10.0\msvc2017_64\lib\cmake\Qt5Widgets\"/>
		</Unit>
		<Unit filename="D:/GitHub/cpp/ExptoXYZRGBA/Qt/Qt5.10/5.10.0/msvc2017_64/lib/cmake/Qt5Widgets/Qt5WidgetsConfig.cmake">
			<Option virtualFolder="CMake Files\Qt\Qt5.10\5.10.0\msvc2017_64\lib\cmake\Qt5Widgets\"/>
		</Unit>
		<Unit filename="D:/GitHub/cpp/ExptoXYZRGBA/Qt/Qt5.10/5.10.0/msvc2017_64/lib/cmake/Qt5Widgets/Qt5WidgetsConfigVersion.cmake">
			<Option virtualFolder="CMake Files\Qt\Qt5.10\5.10.0\msvc2017_64\lib\cmake\Qt5Widgets\"/>
		</Unit>
		<Unit filename="D:/GitHub/cpp/ExptoXYZRGBA/Qt/Qt5.10/5.10.0/msvc2017_64/lib/cmake/Qt5Widgets/Qt5WidgetsConfig.cmake">
			<Option virtualFolder="CMake Files\Qt\Qt5.10\5.10.0\msvc2017_64\lib\cmake\Qt5Widgets\"/>
		</Unit>
		<Unit filename="D:/GitHub/cpp/ExptoXYZRGBA/Qt/Qt5.10/5.10.0/msvc2017_64/lib/cmake/Qt5Widgets/Qt5WidgetsConfigVersion.cmake">
			<Option virtualFolder="CMake Files\Qt\Qt5.10\5.10.0\msvc2017_64\lib\cmake\Qt5Widgets\"/>
		</Unit>
		<Unit filename="D:/GitHub/cpp/ExptoXYZRGBA/Qt/Qt5.10/5.10.0/msvc2017_64/lib/cmake/Qt5Widgets/Qt5WidgetsConfig.cmake">
			<Option virtualFolder="CMake Files\Qt\Qt5.10\5.10.0\msvc2017_64\lib\cmake\Qt5Widgets\"/>
		</Unit>
		<Unit filename="D:/GitHub/cpp/ExptoXYZRGBA/Qt/Qt5.10/5.10.0/msvc2017_64/lib/cmake/Qt5Gui/Qt5GuiConfigVersion.cmake">
			<Option virtualFolder="CMake Files\Qt\Qt5.10\5.10.0\msvc2017_64\lib\cmake\Qt5Gui\"/>
		</Unit>
		<Unit filename="D:/GitHub/cpp/ExptoXYZRGBA/Qt/Qt5.10/5.10.0/msvc2017_64/lib/cmake/Qt5Gui/Qt5GuiConfig.cmake">
			<Option virtualFolder="CMake Files\Qt\Qt5.10\5.10.0\msvc2017_64\lib\cmake\Qt5Gui\"/>
		</Unit>
		<Unit filename="D:/GitHub/cpp/ExptoXYZRGBA/Qt/Qt5.10/5.10.0/msvc2017_64/lib/cmake/Qt5Gui/Qt5Gui_QGifPlugin.cmake">
			<Option virtualFolder="CMake Files\Qt\Qt5.10\5.10.0\msvc2017_64\lib\cmake\Qt5Gui\"/>
		</Unit>
		<Unit filename="D:/GitHub/cpp/ExptoXYZRGBA/Qt/Qt5.10/5.10.0/msvc2017_64/lib/cmake/Qt5Gui/Qt5Gui_QICNSPlugin.cmake">
			<Option virtualFolder="CMake Files\Qt\Qt5.10\5.10.0\msvc2017_64\lib\cmake\Qt5Gui\"/>
		</Unit>
		<Unit filename="D:/GitHub/cpp/ExptoXYZRGBA/Qt/Qt5.10/5.10.0/msvc2017_64/lib/cmake/Qt5Gui/Qt5Gui_QICOPlugin.cmake">
			<Option virtualFolder="CMake Files\Qt\Qt5.10\5.10.0\msvc2017_64\lib\cmake\Qt5Gui\"/>
		</Unit>
		<Unit filename="D:/GitHub/cpp/ExptoXYZRGBA/Qt/Qt5.10/5.10.0/msvc2017_64/lib/cmake/Qt5Gui/Qt5Gui_QJpegPlugin.cmake">
			<Option virtualFolder="CMake Files\Qt\Qt5.10\5.10.0\msvc2017_64\lib\cmake\Qt5Gui\"/>
		</Unit>
		<Unit filename="D:/GitHub/cpp/ExptoXYZRGBA/Qt/Qt5.10/5.10.0/msvc2017_64/lib/cmake/Qt5Gui/Qt5Gui_QMinimalIntegrationPlugin.cmake">
			<Option virtualFolder="CMake Files\Qt\Qt5.10\5.10.0\msvc2017_64\lib\cmake\Qt5Gui\"/>
		</Unit>
		<Unit filename="D:/GitHub/cpp/ExptoXYZRGBA/Qt/Qt5.10/5.10.0/msvc2017_64/lib/cmake/Qt5Gui/Qt5Gui_QOffscreenIntegrationPlugin.cmake">
			<Option virtualFolder="CMake Files\Qt\Qt5.10\5.10.0\msvc2017_64\lib\cmake\Qt5Gui\"/>
		</Unit>
		<Unit filename="D:/GitHub/cpp/ExptoXYZRGBA/Qt/Qt5.10/5.10.0/msvc2017_64/lib/cmake/Qt5Gui/Qt5Gui_QTgaPlugin.cmake">
			<Option virtualFolder="CMake Files\Qt\Qt5.10\5.10.0\msvc2017_64\lib\cmake\Qt5Gui\"/>
		</Unit>
		<Unit filename="D:/GitHub/cpp/ExptoXYZRGBA/Qt/Qt5.10/5.10.0/msvc2017_64/lib/cmake/Qt5Gui/Qt5Gui_QTiffPlugin.cmake">
			<Option virtualFolder="CMake Files\Qt\Qt5.10\5.10.0\msvc2017_64\lib\cmake\Qt5Gui\"/>
		</Unit>
		<Unit filename="D:/GitHub/cpp/ExptoXYZRGBA/Qt/Qt5.10/5.10.0/msvc2017_64/lib/cmake/Qt5Gui/Qt5Gui_QTuioTouchPlugin.cmake">
			<Option virtualFolder="CMake Files\Qt\Qt5.10\5.10.0\msvc2017_64\lib\cmake\Qt5Gui\"/>
		</Unit>
		<Unit filename="D:/GitHub/cpp/ExptoXYZRGBA/Qt/Qt5.10/5.10.0/msvc2017_64/lib/cmake/Qt5Gui/Qt5Gui_QWbmpPlugin.cmake">
			<Option virtualFolder="CMake Files\Qt\Qt5.10\5.10.0\msvc2017_64\lib\cmake\Qt5Gui\"/>
		</Unit>
		<Unit filename="D:/GitHub/cpp/ExptoXYZRGBA/Qt/Qt5.10/5.10.0/msvc2017_64/lib/cmake/Qt5Gui/Qt5Gui_QWebpPlugin.cmake">
			<Option virtualFolder="CMake Files\Qt\Qt5.10\5.10.0\msvc2017_64\lib\cmake\Qt5Gui\"/>
		</Unit>
		<Unit filename="D:/GitHub/cpp/ExptoXYZRGBA/Qt/Qt5.10/5.10.0/msvc2017_64/lib/cmake/Qt5Gui/Qt5Gui_QWindowsDirect2DIntegrationPlugin.cmake">
			<Option virtualFolder="CMake Files\Qt\Qt5.10\5.10.0\msvc2017_64\lib\cmake\Qt5Gui\"/>
		</Unit>
		<Unit filename="D:/GitHub/cpp/ExptoXYZRGBA/Qt/Qt5.10/5.10.0/msvc2017_64/lib/cmake/Qt5Gui/Qt5Gui_QWindowsIntegrationPlugin.cmake">
			<Option virtualFolder="CMake Files\Qt\Qt5.10\5.10.0\msvc2017_64\lib\cmake\Qt5Gui\"/>
		</Unit>
		<Unit filename="D:/GitHub/cpp/ExptoXYZRGBA/Qt/Qt5.10/5.10.0/msvc2017_64/lib/cmake/Qt5Gui/Qt5GuiConfigExtras.cmake">
			<Option virtualFolder="CMake Files\Qt\Qt5.10\5.10.0\msvc2017_64\lib\cmake\Qt5Gui\"/>
		</Unit>
		<Unit filename="D:/GitHub/cpp/ExptoXYZRGBA/Qt/Qt5.10/5.10.0/msvc2017_64/lib/cmake/Qt5Network/Qt5NetworkConfigVersion.cmake">
			<Option virtualFolder="CMake Files\Qt\Qt5.10\5.10.0\msvc2017_64\lib\cmake\Qt5Network\"/>
		</Unit>
		<Unit filename="D:/GitHub/cpp/ExptoXYZRGBA/Qt/Qt5.10/5.10.0/msvc2017_64/lib/cmake/Qt5Network/Qt5NetworkConfig.cmake">
			<Option virtualFolder="CMake Files\Qt\Qt5.10\5.10.0\msvc2017_64\lib\cmake\Qt5Network\"/>
		</Unit>
		<Unit filename="D:/GitHub/cpp/ExptoXYZRGBA/Qt/Qt5.10/5.10.0/msvc2017_64/lib/cmake/Qt5Network/Qt5Network_QGenericEnginePlugin.cmake">
			<Option virtualFolder="CMake Files\Qt\Qt5.10\5.10.0\msvc2017_64\lib\cmake\Qt5Network\"/>
		</Unit>
		<Unit filename="D:/GitHub/cpp/ExptoXYZRGBA/Qt/Qt5.10/5.10.0/msvc2017_64/lib/cmake/Qt5Network/Qt5Network_QNativeWifiEnginePlugin.cmake">
			<Option virtualFolder="CMake Files\Qt\Qt5.10\5.10.0\msvc2017_64\lib\cmake\Qt5Network\"/>
		</Unit>
		<Unit filename="D:/GitHub/cpp/ExptoXYZRGBA/Qt/Qt5.10/5.10.0/msvc2017_64/lib/cmake/Qt5Concurrent/Qt5ConcurrentConfigVersion.cmake">
			<Option virtualFolder="CMake Files\Qt\Qt5.10\5.10.0\msvc2017_64\lib\cmake\Qt5Concurrent\"/>
		</Unit>
		<Unit filename="D:/GitHub/cpp/ExptoXYZRGBA/Qt/Qt5.10/5.10.0/msvc2017_64/lib/cmake/Qt5Concurrent/Qt5ConcurrentConfig.cmake">
			<Option virtualFolder="CMake Files\Qt\Qt5.10\5.10.0\msvc2017_64\lib\cmake\Qt5Concurrent\"/>
		</Unit>
		<Unit filename="D:/GitHub/cpp/ExptoXYZRGBA/Qt/Qt5.10/5.10.0/msvc2017_64/lib/cmake/Qt5OpenGL/Qt5OpenGLConfigVersion.cmake">
			<Option virtualFolder="CMake Files\Qt\Qt5.10\5.10.0\msvc2017_64\lib\cmake\Qt5OpenGL\"/>
		</Unit>
		<Unit filename="D:/GitHub/cpp/ExptoXYZRGBA/Qt/Qt5.10/5.10.0/msvc2017_64/lib/cmake/Qt5OpenGL/Qt5OpenGLConfig.cmake">
			<Option virtualFolder="CMake Files\Qt\Qt5.10\5.10.0\msvc2017_64\lib\cmake\Qt5OpenGL\"/>
		</Unit>
		<Unit filename="D:/GitHub/cpp/ExptoXYZRGBA/Qt/Qt5.10/5.10.0/msvc2017_64/lib/cmake/Qt5Sql/Qt5SqlConfigVersion.cmake">
			<Option virtualFolder="CMake Files\Qt\Qt5.10\5.10.0\msvc2017_64\lib\cmake\Qt5Sql\"/>
		</Unit>
		<Unit filename="D:/GitHub/cpp/ExptoXYZRGBA/Qt/Qt5.10/5.10.0/msvc2017_64/lib/cmake/Qt5Sql/Qt5SqlConfig.cmake">
			<Option virtualFolder="CMake Files\Qt\Qt5.10\5.10.0\msvc2017_64\lib\cmake\Qt5Sql\"/>
		</Unit>
		<Unit filename="D:/GitHub/cpp/ExptoXYZRGBA/Qt/Qt5.10/5.10.0/msvc2017_64/lib/cmake/Qt5Sql/Qt5Sql_QMYSQLDriverPlugin.cmake">
			<Option virtualFolder="CMake Files\Qt\Qt5.10\5.10.0\msvc2017_64\lib\cmake\Qt5Sql\"/>
		</Unit>
		<Unit filename="D:/GitHub/cpp/ExptoXYZRGBA/Qt/Qt5.10/5.10.0/msvc2017_64/lib/cmake/Qt5Sql/Qt5Sql_QODBCDriverPlugin.cmake">
			<Option virtualFolder="CMake Files\Qt\Qt5.10\5.10.0\msvc2017_64\lib\cmake\Qt5Sql\"/>
		</Unit>
		<Unit filename="D:/GitHub/cpp/ExptoXYZRGBA/Qt/Qt5.10/5.10.0/msvc2017_64/lib/cmake/Qt5Sql/Qt5Sql_QPSQLDriverPlugin.cmake">
			<Option virtualFolder="CMake Files\Qt\Qt5.10\5.10.0\msvc2017_64\lib\cmake\Qt5Sql\"/>
		</Unit>
		<Unit filename="D:/GitHub/cpp/ExptoXYZRGBA/Qt/Qt5.10/5.10.0/msvc2017_64/lib/cmake/Qt5Sql/Qt5Sql_QSQLiteDriverPlugin.cmake">
			<Option virtualFolder="CMake Files\Qt\Qt5.10\5.10.0\msvc2017_64\lib\cmake\Qt5Sql\"/>
		</Unit>
		<Unit filename="D:/GitHub/cpp/ExptoXYZRGBA/Program Files/PCL/cmake/PCLConfigVersion.cmake">
			<Option virtualFolder="CMake Files\Program Files\PCL\cmake\"/>
		</Unit>
		<Unit filename="D:/GitHub/cpp/ExptoXYZRGBA/Program Files/PCL/cmake/PCLConfig.cmake">
			<Option virtualFolder="CMake Files\Program Files\PCL\cmake\"/>
		</Unit>
		<Unit filename="D:/GitHub/cpp/ExptoXYZRGBA/Program Files/PCL/cmake/Modules/FindEigen.cmake">
			<Option virtualFolder="CMake Files\Program Files\PCL\cmake\Modules\"/>
		</Unit>
		<Unit filename="D:/GitHub/cpp/ExptoXYZRGBA/Program Files/PCL/cmake/Modules/FindOpenNI.cmake">
			<Option virtualFolder="CMake Files\Program Files\PCL\cmake\Modules\"/>
		</Unit>
		<Unit filename="D:/GitHub/cpp/ExptoXYZRGBA/Program Files/PCL/cmake/Modules/FindOpenNI2.cmake">
			<Option virtualFolder="CMake Files\Program Files\PCL\cmake\Modules\"/>
		</Unit>
		<Unit filename="D:/GitHub/cpp/ExptoXYZRGBA/Program Files/PCL/cmake/Modules/FindEnsenso.cmake">
			<Option virtualFolder="CMake Files\Program Files\PCL\cmake\Modules\"/>
		</Unit>
		<Unit filename="D:/GitHub/cpp/ExptoXYZRGBA/Program Files/PCL/cmake/Modules/FinddavidSDK.cmake">
			<Option virtualFolder="CMake Files\Program Files\PCL\cmake\Modules\"/>
		</Unit>
		<Unit filename="D:/GitHub/cpp/ExptoXYZRGBA/Program Files/PCL/cmake/Modules/FindDSSDK.cmake">
			<Option virtualFolder="CMake Files\Program Files\PCL\cmake\Modules\"/>
		</Unit>
		<Unit filename="D:/GitHub/cpp/ExptoXYZRGBA/Program Files/PCL/cmake/Modules/FindRSSDK.cmake">
			<Option virtualFolder="CMake Files\Program Files\PCL\cmake\Modules\"/>
		</Unit>
		<Unit filename="D:/GitHub/cpp/ExptoXYZRGBA/Program Files/PCL/cmake/Modules/FindFLANN.cmake">
			<Option virtualFolder="CMake Files\Program Files\PCL\cmake\Modules\"/>
		</Unit>
		<Unit filename="D:/GitHub/cpp/ExptoXYZRGBA/Program Files/PCL/cmake/Modules/FindFLANN.cmake">
			<Option virtualFolder="CMake Files\Program Files\PCL\cmake\Modules\"/>
		</Unit>
		<Unit filename="D:/GitHub/cpp/ExptoXYZRGBA/Program Files/PCL/cmake/Modules/FindOpenNI.cmake">
			<Option virtualFolder="CMake Files\Program Files\PCL\cmake\Modules\"/>
		</Unit>
		<Unit filename="D:/GitHub/cpp/ExptoXYZRGBA/Program Files/PCL/cmake/Modules/FindOpenNI2.cmake">
			<Option virtualFolder="CMake Files\Program Files\PCL\cmake\Modules\"/>
		</Unit>
		<Unit filename="D:/GitHub/cpp/ExptoXYZRGBA/Program Files/PCL/cmake/Modules/FindEnsenso.cmake">
			<Option virtualFolder="CMake Files\Program Files\PCL\cmake\Modules\"/>
		</Unit>
		<Unit filename="D:/GitHub/cpp/ExptoXYZRGBA/Program Files/PCL/cmake/Modules/FinddavidSDK.cmake">
			<Option virtualFolder="CMake Files\Program Files\PCL\cmake\Modules\"/>
		</Unit>
		<Unit filename="D:/GitHub/cpp/ExptoXYZRGBA/Program Files/PCL/cmake/Modules/FindDSSDK.cmake">
			<Option virtualFolder="CMake Files\Program Files\PCL\cmake\Modules\"/>
		</Unit>
		<Unit filename="D:/GitHub/cpp/ExptoXYZRGBA/Program Files/PCL/cmake/Modules/FindRSSDK.cmake">
			<Option virtualFolder="CMake Files\Program Files\PCL\cmake\Modules\"/>
		</Unit>
		<Unit filename="D:/GitHub/cpp/ExptoXYZRGBA/Program Files/PCL/cmake/Modules/FindQhull.cmake">
			<Option virtualFolder="CMake Files\Program Files\PCL\cmake\Modules\"/>
		</Unit>
		<Unit filename="D:/GitHub/cpp/ExptoXYZRGBA/Program Files/PCL/cmake/Modules/FindOpenNI.cmake">
			<Option virtualFolder="CMake Files\Program Files\PCL\cmake\Modules\"/>
		</Unit>
		<Unit filename="D:/GitHub/cpp/ExptoXYZRGBA/Program Files/PCL/cmake/Modules/FindGLEW.cmake">
			<Option virtualFolder="CMake Files\Program Files\PCL\cmake\Modules\"/>
		</Unit>
		<Unit filename="D:/GitHub/cpp/ExptoXYZRGBA/Program Files/VTK/lib/cmake/vtk-8.0/VTKConfigVersion.cmake">
			<Option virtualFolder="CMake Files\Program Files\VTK\lib\cmake\vtk-8.0\"/>
		</Unit>
		<Unit filename="D:/GitHub/cpp/ExptoXYZRGBA/Program Files/VTK/lib/cmake/vtk-8.0/VTKConfig.cmake">
			<Option virtualFolder="CMake Files\Program Files\VTK\lib\cmake\vtk-8.0\"/>
		</Unit>
		<Unit filename="D:/GitHub/cpp/ExptoXYZRGBA/Program Files/VTK/lib/cmake/vtk-8.0/VTKTargets.cmake">
			<Option virtualFolder="CMake Files\Program Files\VTK\lib\cmake\vtk-8.0\"/>
		</Unit>
		<Unit filename="D:/GitHub/cpp/ExptoXYZRGBA/Program Files/VTK/lib/cmake/vtk-8.0/VTKTargets-debug.cmake">
			<Option virtualFolder="CMake Files\Program Files\VTK\lib\cmake\vtk-8.0\"/>
		</Unit>
		<Unit filename="D:/GitHub/cpp/ExptoXYZRGBA/Program Files/VTK/lib/cmake/vtk-8.0/VTKTargets-release.cmake">
			<Option virtualFolder="CMake Files\Program Files\VTK\lib\cmake\vtk-8.0\"/>
		</Unit>
		<Unit filename="D:/GitHub/cpp/ExptoXYZRGBA/Program Files/VTK/lib/cmake/vtk-8.0/vtkModuleAPI.cmake">
			<Option virtualFolder="CMake Files\Program Files\VTK\lib\cmake\vtk-8.0\"/>
		</Unit>
		<Unit filename="D:/GitHub/cpp/ExptoXYZRGBA/Program Files/VTK/lib/cmake/vtk-8.0/UseVTK.cmake">
			<Option virtualFolder="CMake Files\Program Files\VTK\lib\cmake\vtk-8.0\"/>
		</Unit>
		<Unit filename="D:/GitHub/cpp/ExptoXYZRGBA/Program Files/VTK/lib/cmake/vtk-8.0/VTKConfigVersion.cmake">
			<Option virtualFolder="CMake Files\Program Files\VTK\lib\cmake\vtk-8.0\"/>
		</Unit>
		<Unit filename="D:/GitHub/cpp/ExptoXYZRGBA/Program Files/VTK/lib/cmake/vtk-8.0/VTKConfig.cmake">
			<Option virtualFolder="CMake Files\Program Files\VTK\lib\cmake\vtk-8.0\"/>
		</Unit>
		<Unit filename="D:/GitHub/cpp/ExptoXYZRGBA/Program Files/VTK/lib/cmake/vtk-8.0/vtkModuleAPI.cmake">
			<Option virtualFolder="CMake Files\Program Files\VTK\lib\cmake\vtk-8.0\"/>
		</Unit>
		<Unit filename="D:/GitHub/cpp/ExptoXYZRGBA/Program Files/VTK/lib/cmake/vtk-8.0/UseVTK.cmake">
			<Option virtualFolder="CMake Files\Program Files\VTK\lib\cmake\vtk-8.0\"/>
		</Unit>
		<Unit filename="D:/GitHub/cpp/ExptoXYZRGBA/Program Files/VTK/lib/cmake/vtk-8.0/VTKConfigVersion.cmake">
			<Option virtualFolder="CMake Files\Program Files\VTK\lib\cmake\vtk-8.0\"/>
		</Unit>
		<Unit filename="D:/GitHub/cpp/ExptoXYZRGBA/Program Files/VTK/lib/cmake/vtk-8.0/VTKConfig.cmake">
			<Option virtualFolder="CMake Files\Program Files\VTK\lib\cmake\vtk-8.0\"/>
		</Unit>
		<Unit filename="D:/GitHub/cpp/ExptoXYZRGBA/Program Files/VTK/lib/cmake/vtk-8.0/vtkModuleAPI.cmake">
			<Option virtualFolder="CMake Files\Program Files\VTK\lib\cmake\vtk-8.0\"/>
		</Unit>
		<Unit filename="D:/GitHub/cpp/ExptoXYZRGBA/Program Files/VTK/lib/cmake/vtk-8.0/UseVTK.cmake">
			<Option virtualFolder="CMake Files\Program Files\VTK\lib\cmake\vtk-8.0\"/>
		</Unit>
		<Unit filename="D:/GitHub/cpp/ExptoXYZRGBA/Program Files/VTK/lib/cmake/vtk-8.0/VTKConfigVersion.cmake">
			<Option virtualFolder="CMake Files\Program Files\VTK\lib\cmake\vtk-8.0\"/>
		</Unit>
		<Unit filename="D:/GitHub/cpp/ExptoXYZRGBA/Program Files/VTK/lib/cmake/vtk-8.0/VTKConfig.cmake">
			<Option virtualFolder="CMake Files\Program Files\VTK\lib\cmake\vtk-8.0\"/>
		</Unit>
		<Unit filename="D:/GitHub/cpp/ExptoXYZRGBA/Program Files/VTK/lib/cmake/vtk-8.0/vtkModuleAPI.cmake">
			<Option virtualFolder="CMake Files\Program Files\VTK\lib\cmake\vtk-8.0\"/>
		</Unit>
		<Unit filename="D:/GitHub/cpp/ExptoXYZRGBA/Program Files/VTK/lib/cmake/vtk-8.0/UseVTK.cmake">
			<Option virtualFolder="CMake Files\Program Files\VTK\lib\cmake\vtk-8.0\"/>
		</Unit>
		<Unit filename="D:/GitHub/cpp/ExptoXYZRGBA/Program Files/VTK/lib/cmake/vtk-8.0/VTKConfigVersion.cmake">
			<Option virtualFolder="CMake Files\Program Files\VTK\lib\cmake\vtk-8.0\"/>
		</Unit>
		<Unit filename="D:/GitHub/cpp/ExptoXYZRGBA/Program Files/VTK/lib/cmake/vtk-8.0/VTKConfig.cmake">
			<Option virtualFolder="CMake Files\Program Files\VTK\lib\cmake\vtk-8.0\"/>
		</Unit>
		<Unit filename="D:/GitHub/cpp/ExptoXYZRGBA/Program Files/VTK/lib/cmake/vtk-8.0/vtkModuleAPI.cmake">
			<Option virtualFolder="CMake Files\Program Files\VTK\lib\cmake\vtk-8.0\"/>
		</Unit>
		<Unit filename="D:/GitHub/cpp/ExptoXYZRGBA/Program Files/VTK/lib/cmake/vtk-8.0/UseVTK.cmake">
			<Option virtualFolder="CMake Files\Program Files\VTK\lib\cmake\vtk-8.0\"/>
		</Unit>
		<Unit filename="D:/GitHub/cpp/ExptoXYZRGBA/Program Files/VTK/lib/cmake/vtk-8.0/Modules/vtkChartsCore.cmake">
			<Option virtualFolder="CMake Files\Program Files\VTK\lib\cmake\vtk-8.0\Modules\"/>
		</Unit>
		<Unit filename="D:/GitHub/cpp/ExptoXYZRGBA/Program Files/VTK/lib/cmake/vtk-8.0/Modules/vtkCommonColor.cmake">
			<Option virtualFolder="CMake Files\Program Files\VTK\lib\cmake\vtk-8.0\Modules\"/>
		</Unit>
		<Unit filename="D:/GitHub/cpp/ExptoXYZRGBA/Program Files/VTK/lib/cmake/vtk-8.0/Modules/vtkCommonCore.cmake">
			<Option virtualFolder="CMake Files\Program Files\VTK\lib\cmake\vtk-8.0\Modules\"/>
		</Unit>
		<Unit filename="D:/GitHub/cpp/ExptoXYZRGBA/Program Files/VTK/lib/cmake/vtk-8.0/Modules/vtkkwiml.cmake">
			<Option virtualFolder="CMake Files\Program Files\VTK\lib\cmake\vtk-8.0\Modules\"/>
		</Unit>
		<Unit filename="D:/GitHub/cpp/ExptoXYZRGBA/Program Files/VTK/lib/cmake/vtk-8.0/Modules/vtksys.cmake">
			<Option virtualFolder="CMake Files\Program Files\VTK\lib\cmake\vtk-8.0\Modules\"/>
		</Unit>
		<Unit filename="D:/GitHub/cpp/ExptoXYZRGBA/Program Files/VTK/lib/cmake/vtk-8.0/Modules/vtkCommonDataModel.cmake">
			<Option virtualFolder="CMake Files\Program Files\VTK\lib\cmake\vtk-8.0\Modules\"/>
		</Unit>
		<Unit filename="D:/GitHub/cpp/ExptoXYZRGBA/Program Files/VTK/lib/cmake/vtk-8.0/Modules/vtkCommonMath.cmake">
			<Option virtualFolder="CMake Files\Program Files\VTK\lib\cmake\vtk-8.0\Modules\"/>
		</Unit>
		<Unit filename="D:/GitHub/cpp/ExptoXYZRGBA/Program Files/VTK/lib/cmake/vtk-8.0/Modules/vtkCommonMisc.cmake">
			<Option virtualFolder="CMake Files\Program Files\VTK\lib\cmake\vtk-8.0\Modules\"/>
		</Unit>
		<Unit filename="D:/GitHub/cpp/ExptoXYZRGBA/Program Files/VTK/lib/cmake/vtk-8.0/Modules/vtkCommonSystem.cmake">
			<Option virtualFolder="CMake Files\Program Files\VTK\lib\cmake\vtk-8.0\Modules\"/>
		</Unit>
		<Unit filename="D:/GitHub/cpp/ExptoXYZRGBA/Program Files/VTK/lib/cmake/vtk-8.0/Modules/vtkCommonTransforms.cmake">
			<Option virtualFolder="CMake Files\Program Files\VTK\lib\cmake\vtk-8.0\Modules\"/>
		</Unit>
		<Unit filename="D:/GitHub/cpp/ExptoXYZRGBA/Program Files/VTK/lib/cmake/vtk-8.0/Modules/vtkCommonExecutionModel.cmake">
			<Option virtualFolder="CMake Files\Program Files\VTK\lib\cmake\vtk-8.0\Modules\"/>
		</Unit>
		<Unit filename="D:/GitHub/cpp/ExptoXYZRGBA/Program Files/VTK/lib/cmake/vtk-8.0/Modules/vtkFiltersGeneral.cmake">
			<Option virtualFolder="CMake Files\Program Files\VTK\lib\cmake\vtk-8.0\Modules\"/>
		</Unit>
		<Unit filename="D:/GitHub/cpp/ExptoXYZRGBA/Program Files/VTK/lib/cmake/vtk-8.0/Modules/vtkCommonComputationalGeometry.cmake">
			<Option virtualFolder="CMake Files\Program Files\VTK\lib\cmake\vtk-8.0\Modules\"/>
		</Unit>
		<Unit filename="D:/GitHub/cpp/ExptoXYZRGBA/Program Files/VTK/lib/cmake/vtk-8.0/Modules/vtkFiltersCore.cmake">
			<Option virtualFolder="CMake Files\Program Files\VTK\lib\cmake\vtk-8.0\Modules\"/>
		</Unit>
		<Unit filename="D:/GitHub/cpp/ExptoXYZRGBA/Program Files/VTK/lib/cmake/vtk-8.0/Modules/vtkInfovisCore.cmake">
			<Option virtualFolder="CMake Files\Program Files\VTK\lib\cmake\vtk-8.0\Modules\"/>
		</Unit>
		<Unit filename="D:/GitHub/cpp/ExptoXYZRGBA/Program Files/VTK/lib/cmake/vtk-8.0/Modules/vtkFiltersExtraction.cmake">
			<Option virtualFolder="CMake Files\Program Files\VTK\lib\cmake\vtk-8.0\Modules\"/>
		</Unit>
		<Unit filename="D:/GitHub/cpp/ExptoXYZRGBA/Program Files/VTK/lib/cmake/vtk-8.0/Modules/vtkFiltersStatistics.cmake">
			<Option virtualFolder="CMake Files\Program Files\VTK\lib\cmake\vtk-8.0\Modules\"/>
		</Unit>
		<Unit filename="D:/GitHub/cpp/ExptoXYZRGBA/Program Files/VTK/lib/cmake/vtk-8.0/Modules/vtkImagingFourier.cmake">
			<Option virtualFolder="CMake Files\Program Files\VTK\lib\cmake\vtk-8.0\Modules\"/>
		</Unit>
		<Unit filename="D:/GitHub/cpp/ExptoXYZRGBA/Program Files/VTK/lib/cmake/vtk-8.0/Modules/vtkImagingCore.cmake">
			<Option virtualFolder="CMake Files\Program Files\VTK\lib\cmake\vtk-8.0\Modules\"/>
		</Unit>
		<Unit filename="D:/GitHub/cpp/ExptoXYZRGBA/Program Files/VTK/lib/cmake/vtk-8.0/Modules/vtkalglib.cmake">
			<Option virtualFolder="CMake Files\Program Files\VTK\lib\cmake\vtk-8.0\Modules\"/>
		</Unit>
		<Unit filename="D:/GitHub/cpp/ExptoXYZRGBA/Program Files/VTK/lib/cmake/vtk-8.0/Modules/vtkRenderingContext2D.cmake">
			<Option virtualFolder="CMake Files\Program Files\VTK\lib\cmake\vtk-8.0\Modules\"/>
		</Unit>
		<Unit filename="D:/GitHub/cpp/ExptoXYZRGBA/Program Files/VTK/lib/cmake/vtk-8.0/Modules/vtkRenderingCore.cmake">
			<Option virtualFolder="CMake Files\Program Files\VTK\lib\cmake\vtk-8.0\Modules\"/>
		</Unit>
		<Unit filename="D:/GitHub/cpp/ExptoXYZRGBA/Program Files/VTK/lib/cmake/vtk-8.0/Modules/vtkFiltersGeometry.cmake">
			<Option virtualFolder="CMake Files\Program Files\VTK\lib\cmake\vtk-8.0\Modules\"/>
		</Unit>
		<Unit filename="D:/GitHub/cpp/ExptoXYZRGBA/Program Files/VTK/lib/cmake/vtk-8.0/Modules/vtkFiltersSources.cmake">
			<Option virtualFolder="CMake Files\Program Files\VTK\lib\cmake\vtk-8.0\Modules\"/>
		</Unit>
		<Unit filename="D:/GitHub/cpp/ExptoXYZRGBA/Program Files/VTK/lib/cmake/vtk-8.0/Modules/vtkRenderingFreeType.cmake">
			<Option virtualFolder="CMake Files\Program Files\VTK\lib\cmake\vtk-8.0\Modules\"/>
		</Unit>
		<Unit filename="D:/GitHub/cpp/ExptoXYZRGBA/Program Files/VTK/lib/cmake/vtk-8.0/Modules/vtkfreetype.cmake">
			<Option virtualFolder="CMake Files\Program Files\VTK\lib\cmake\vtk-8.0\Modules\"/>
		</Unit>
		<Unit filename="D:/GitHub/cpp/ExptoXYZRGBA/Program Files/VTK/lib/cmake/vtk-8.0/Modules/vtkzlib.cmake">
			<Option virtualFolder="CMake Files\Program Files\VTK\lib\cmake\vtk-8.0\Modules\"/>
		</Unit>
		<Unit filename="D:/GitHub/cpp/ExptoXYZRGBA/Program Files/VTK/lib/cmake/vtk-8.0/Modules/vtkDICOMParser.cmake">
			<Option virtualFolder="CMake Files\Program Files\VTK\lib\cmake\vtk-8.0\Modules\"/>
		</Unit>
		<Unit filename="D:/GitHub/cpp/ExptoXYZRGBA/Program Files/VTK/lib/cmake/vtk-8.0/Modules/vtkDomainsChemistry.cmake">
			<Option virtualFolder="CMake Files\Program Files\VTK\lib\cmake\vtk-8.0\Modules\"/>
		</Unit>
		<Unit filename="D:/GitHub/cpp/ExptoXYZRGBA/Program Files/VTK/lib/cmake/vtk-8.0/Modules/vtkIOLegacy.cmake">
			<Option virtualFolder="CMake Files\Program Files\VTK\lib\cmake\vtk-8.0\Modules\"/>
		</Unit>
		<Unit filename="D:/GitHub/cpp/ExptoXYZRGBA/Program Files/VTK/lib/cmake/vtk-8.0/Modules/vtkIOCore.cmake">
			<Option virtualFolder="CMake Files\Program Files\VTK\lib\cmake\vtk-8.0\Modules\"/>
		</Unit>
		<Unit filename="D:/GitHub/cpp/ExptoXYZRGBA/Program Files/VTK/lib/cmake/vtk-8.0/Modules/vtklz4.cmake">
			<Option virtualFolder="CMake Files\Program Files\VTK\lib\cmake\vtk-8.0\Modules\"/>
		</Unit>
		<Unit filename="D:/GitHub/cpp/ExptoXYZRGBA/Program Files/VTK/lib/cmake/vtk-8.0/Modules/vtkIOXMLParser.cmake">
			<Option virtualFolder="CMake Files\Program Files\VTK\lib\cmake\vtk-8.0\Modules\"/>
		</Unit>
		<Unit filename="D:/GitHub/cpp/ExptoXYZRGBA/Program Files/VTK/lib/cmake/vtk-8.0/Modules/vtkexpat.cmake">
			<Option virtualFolder="CMake Files\Program Files\VTK\lib\cmake\vtk-8.0\Modules\"/>
		</Unit>
		<Unit filename="D:/GitHub/cpp/ExptoXYZRGBA/Program Files/VTK/lib/cmake/vtk-8.0/Modules/vtkDomainsChemistryOpenGL2.cmake">
			<Option virtualFolder="CMake Files\Program Files\VTK\lib\cmake\vtk-8.0\Modules\"/>
		</Unit>
		<Unit filename="D:/GitHub/cpp/ExptoXYZRGBA/Program Files/VTK/lib/cmake/vtk-8.0/Modules/vtkRenderingOpenGL2.cmake">
			<Option virtualFolder="CMake Files\Program Files\VTK\lib\cmake\vtk-8.0\Modules\"/>
		</Unit>
		<Unit filename="D:/GitHub/cpp/ExptoXYZRGBA/Program Files/VTK/lib/cmake/vtk-8.0/Modules/vtkUtilitiesEncodeString.cmake">
			<Option virtualFolder="CMake Files\Program Files\VTK\lib\cmake\vtk-8.0\Modules\"/>
		</Unit>
		<Unit filename="D:/GitHub/cpp/ExptoXYZRGBA/Program Files/VTK/lib/cmake/vtk-8.0/Modules/vtkglew.cmake">
			<Option virtualFolder="CMake Files\Program Files\VTK\lib\cmake\vtk-8.0\Modules\"/>
		</Unit>
		<Unit filename="D:/GitHub/cpp/ExptoXYZRGBA/Program Files/VTK/lib/cmake/vtk-8.0/Modules/vtkFiltersAMR.cmake">
			<Option virtualFolder="CMake Files\Program Files\VTK\lib\cmake\vtk-8.0\Modules\"/>
		</Unit>
		<Unit filename="D:/GitHub/cpp/ExptoXYZRGBA/Program Files/VTK/lib/cmake/vtk-8.0/Modules/vtkIOXML.cmake">
			<Option virtualFolder="CMake Files\Program Files\VTK\lib\cmake\vtk-8.0\Modules\"/>
		</Unit>
		<Unit filename="D:/GitHub/cpp/ExptoXYZRGBA/Program Files/VTK/lib/cmake/vtk-8.0/Modules/vtkParallelCore.cmake">
			<Option virtualFolder="CMake Files\Program Files\VTK\lib\cmake\vtk-8.0\Modules\"/>
		</Unit>
		<Unit filename="D:/GitHub/cpp/ExptoXYZRGBA/Program Files/VTK/lib/cmake/vtk-8.0/Modules/vtkUtilitiesHashSource.cmake">
			<Option virtualFolder="CMake Files\Program Files\VTK\lib\cmake\vtk-8.0\Modules\"/>
		</Unit>
		<Unit filename="D:/GitHub/cpp/ExptoXYZRGBA/Program Files/VTK/lib/cmake/vtk-8.0/Modules/vtkFiltersFlowPaths.cmake">
			<Option virtualFolder="CMake Files\Program Files\VTK\lib\cmake\vtk-8.0\Modules\"/>
		</Unit>
		<Unit filename="D:/GitHub/cpp/ExptoXYZRGBA/Program Files/VTK/lib/cmake/vtk-8.0/Modules/vtkFiltersGeneric.cmake">
			<Option virtualFolder="CMake Files\Program Files\VTK\lib\cmake\vtk-8.0\Modules\"/>
		</Unit>
		<Unit filename="D:/GitHub/cpp/ExptoXYZRGBA/Program Files/VTK/lib/cmake/vtk-8.0/Modules/vtkFiltersHybrid.cmake">
			<Option virtualFolder="CMake Files\Program Files\VTK\lib\cmake\vtk-8.0\Modules\"/>
		</Unit>
		<Unit filename="D:/GitHub/cpp/ExptoXYZRGBA/Program Files/VTK/lib/cmake/vtk-8.0/Modules/vtkImagingSources.cmake">
			<Option virtualFolder="CMake Files\Program Files\VTK\lib\cmake\vtk-8.0\Modules\"/>
		</Unit>
		<Unit filename="D:/GitHub/cpp/ExptoXYZRGBA/Program Files/VTK/lib/cmake/vtk-8.0/Modules/vtkFiltersHyperTree.cmake">
			<Option virtualFolder="CMake Files\Program Files\VTK\lib\cmake\vtk-8.0\Modules\"/>
		</Unit>
		<Unit filename="D:/GitHub/cpp/ExptoXYZRGBA/Program Files/VTK/lib/cmake/vtk-8.0/Modules/vtkFiltersImaging.cmake">
			<Option virtualFolder="CMake Files\Program Files\VTK\lib\cmake\vtk-8.0\Modules\"/>
		</Unit>
		<Unit filename="D:/GitHub/cpp/ExptoXYZRGBA/Program Files/VTK/lib/cmake/vtk-8.0/Modules/vtkImagingGeneral.cmake">
			<Option virtualFolder="CMake Files\Program Files\VTK\lib\cmake\vtk-8.0\Modules\"/>
		</Unit>
		<Unit filename="D:/GitHub/cpp/ExptoXYZRGBA/Program Files/VTK/lib/cmake/vtk-8.0/Modules/vtkFiltersModeling.cmake">
			<Option virtualFolder="CMake Files\Program Files\VTK\lib\cmake\vtk-8.0\Modules\"/>
		</Unit>
		<Unit filename="D:/GitHub/cpp/ExptoXYZRGBA/Program Files/VTK/lib/cmake/vtk-8.0/Modules/vtkFiltersParallel.cmake">
			<Option virtualFolder="CMake Files\Program Files\VTK\lib\cmake\vtk-8.0\Modules\"/>
		</Unit>
		<Unit filename="D:/GitHub/cpp/ExptoXYZRGBA/Program Files/VTK/lib/cmake/vtk-8.0/Modules/vtkFiltersParallelGeometry.cmake">
			<Option virtualFolder="CMake Files\Program Files\VTK\lib\cmake\vtk-8.0\Modules\"/>
		</Unit>
		<Unit filename="D:/GitHub/cpp/ExptoXYZRGBA/Program Files/VTK/lib/cmake/vtk-8.0/Modules/vtkParallelMPI.cmake">
			<Option virtualFolder="CMake Files\Program Files\VTK\lib\cmake\vtk-8.0\Modules\"/>
		</Unit>
		<Unit filename="D:/GitHub/cpp/ExptoXYZRGBA/Program Files/VTK/lib/cmake/vtk-8.0/Modules/vtkFiltersParallelImaging.cmake">
			<Option virtualFolder="CMake Files\Program Files\VTK\lib\cmake\vtk-8.0\Modules\"/>
		</Unit>
		<Unit filename="D:/GitHub/cpp/ExptoXYZRGBA/Program Files/VTK/lib/cmake/vtk-8.0/Modules/vtkFiltersParallelMPI.cmake">
			<Option virtualFolder="CMake Files\Program Files\VTK\lib\cmake\vtk-8.0\Modules\"/>
		</Unit>
		<Unit filename="D:/GitHub/cpp/ExptoXYZRGBA/Program Files/VTK/lib/cmake/vtk-8.0/Modules/vtkFiltersParallelStatistics.cmake">
			<Option virtualFolder="CMake Files\Program Files\VTK\lib\cmake\vtk-8.0\Modules\"/>
		</Unit>
		<Unit filename="D:/GitHub/cpp/ExptoXYZRGBA/Program Files/VTK/lib/cmake/vtk-8.0/Modules/vtkFiltersPoints.cmake">
			<Option virtualFolder="CMake Files\Program Files\VTK\lib\cmake\vtk-8.0\Modules\"/>
		</Unit>
		<Unit filename="D:/GitHub/cpp/ExptoXYZRGBA/Program Files/VTK/lib/cmake/vtk-8.0/Modules/vtkFiltersProgrammable.cmake">
			<Option virtualFolder="CMake Files\Program Files\VTK\lib\cmake\vtk-8.0\Modules\"/>
		</Unit>
		<Unit filename="D:/GitHub/cpp/ExptoXYZRGBA/Program Files/VTK/lib/cmake/vtk-8.0/Modules/vtkFiltersSMP.cmake">
			<Option virtualFolder="CMake Files\Program Files\VTK\lib\cmake\vtk-8.0\Modules\"/>
		</Unit>
		<Unit filename="D:/GitHub/cpp/ExptoXYZRGBA/Program Files/VTK/lib/cmake/vtk-8.0/Modules/vtkFiltersSelection.cmake">
			<Option virtualFolder="CMake Files\Program Files\VTK\lib\cmake\vtk-8.0\Modules\"/>
		</Unit>
		<Unit filename="D:/GitHub/cpp/ExptoXYZRGBA/Program Files/VTK/lib/cmake/vtk-8.0/Modules/vtkFiltersTexture.cmake">
			<Option virtualFolder="CMake Files\Program Files\VTK\lib\cmake\vtk-8.0\Modules\"/>
		</Unit>
		<Unit filename="D:/GitHub/cpp/ExptoXYZRGBA/Program Files/VTK/lib/cmake/vtk-8.0/Modules/vtkFiltersTopology.cmake">
			<Option virtualFolder="CMake Files\Program Files\VTK\lib\cmake\vtk-8.0\Modules\"/>
		</Unit>
		<Unit filename="D:/GitHub/cpp/ExptoXYZRGBA/Program Files/VTK/lib/cmake/vtk-8.0/Modules/vtkFiltersVerdict.cmake">
			<Option virtualFolder="CMake Files\Program Files\VTK\lib\cmake\vtk-8.0\Modules\"/>
		</Unit>
		<Unit filename="D:/GitHub/cpp/ExptoXYZRGBA/Program Files/VTK/lib/cmake/vtk-8.0/Modules/vtkverdict.cmake">
			<Option virtualFolder="CMake Files\Program Files\VTK\lib\cmake\vtk-8.0\Modules\"/>
		</Unit>
		<Unit filename="D:/GitHub/cpp/ExptoXYZRGBA/Program Files/VTK/lib/cmake/vtk-8.0/Modules/vtkGUISupportQt.cmake">
			<Option virtualFolder="CMake Files\Program Files\VTK\lib\cmake\vtk-8.0\Modules\"/>
		</Unit>
		<Unit filename="D:/GitHub/cpp/ExptoXYZRGBA/Program Files/VTK/lib/cmake/vtk-8.0/Modules/vtkInteractionStyle.cmake">
			<Option virtualFolder="CMake Files\Program Files\VTK\lib\cmake\vtk-8.0\Modules\"/>
		</Unit>
		<Unit filename="D:/GitHub/cpp/ExptoXYZRGBA/Program Files/VTK/lib/cmake/vtk-8.0/Modules/vtkGUISupportQtOpenGL.cmake">
			<Option virtualFolder="CMake Files\Program Files\VTK\lib\cmake\vtk-8.0\Modules\"/>
		</Unit>
		<Unit filename="D:/GitHub/cpp/ExptoXYZRGBA/Program Files/VTK/lib/cmake/vtk-8.0/Modules/vtkGUISupportQtSQL.cmake">
			<Option virtualFolder="CMake Files\Program Files\VTK\lib\cmake\vtk-8.0\Modules\"/>
		</Unit>
		<Unit filename="D:/GitHub/cpp/ExptoXYZRGBA/Program Files/VTK/lib/cmake/vtk-8.0/Modules/vtkIOSQL.cmake">
			<Option virtualFolder="CMake Files\Program Files\VTK\lib\cmake\vtk-8.0\Modules\"/>
		</Unit>
		<Unit filename="D:/GitHub/cpp/ExptoXYZRGBA/Program Files/VTK/lib/cmake/vtk-8.0/Modules/vtksqlite.cmake">
			<Option virtualFolder="CMake Files\Program Files\VTK\lib\cmake\vtk-8.0\Modules\"/>
		</Unit>
		<Unit filename="D:/GitHub/cpp/ExptoXYZRGBA/Program Files/VTK/lib/cmake/vtk-8.0/Modules/vtkGeovisCore.cmake">
			<Option virtualFolder="CMake Files\Program Files\VTK\lib\cmake\vtk-8.0\Modules\"/>
		</Unit>
		<Unit filename="D:/GitHub/cpp/ExptoXYZRGBA/Program Files/VTK/lib/cmake/vtk-8.0/Modules/vtkIOImage.cmake">
			<Option virtualFolder="CMake Files\Program Files\VTK\lib\cmake\vtk-8.0\Modules\"/>
		</Unit>
		<Unit filename="D:/GitHub/cpp/ExptoXYZRGBA/Program Files/VTK/lib/cmake/vtk-8.0/Modules/vtkMetaIO.cmake">
			<Option virtualFolder="CMake Files\Program Files\VTK\lib\cmake\vtk-8.0\Modules\"/>
		</Unit>
		<Unit filename="D:/GitHub/cpp/ExptoXYZRGBA/Program Files/VTK/lib/cmake/vtk-8.0/Modules/vtkjpeg.cmake">
			<Option virtualFolder="CMake Files\Program Files\VTK\lib\cmake\vtk-8.0\Modules\"/>
		</Unit>
		<Unit filename="D:/GitHub/cpp/ExptoXYZRGBA/Program Files/VTK/lib/cmake/vtk-8.0/Modules/vtkpng.cmake">
			<Option virtualFolder="CMake Files\Program Files\VTK\lib\cmake\vtk-8.0\Modules\"/>
		</Unit>
		<Unit filename="D:/GitHub/cpp/ExptoXYZRGBA/Program Files/VTK/lib/cmake/vtk-8.0/Modules/vtktiff.cmake">
			<Option virtualFolder="CMake Files\Program Files\VTK\lib\cmake\vtk-8.0\Modules\"/>
		</Unit>
		<Unit filename="D:/GitHub/cpp/ExptoXYZRGBA/Program Files/VTK/lib/cmake/vtk-8.0/Modules/vtkInfovisLayout.cmake">
			<Option virtualFolder="CMake Files\Program Files\VTK\lib\cmake\vtk-8.0\Modules\"/>
		</Unit>
		<Unit filename="D:/GitHub/cpp/ExptoXYZRGBA/Program Files/VTK/lib/cmake/vtk-8.0/Modules/vtkImagingHybrid.cmake">
			<Option virtualFolder="CMake Files\Program Files\VTK\lib\cmake\vtk-8.0\Modules\"/>
		</Unit>
		<Unit filename="D:/GitHub/cpp/ExptoXYZRGBA/Program Files/VTK/lib/cmake/vtk-8.0/Modules/vtkInteractionWidgets.cmake">
			<Option virtualFolder="CMake Files\Program Files\VTK\lib\cmake\vtk-8.0\Modules\"/>
		</Unit>
		<Unit filename="D:/GitHub/cpp/ExptoXYZRGBA/Program Files/VTK/lib/cmake/vtk-8.0/Modules/vtkImagingColor.cmake">
			<Option virtualFolder="CMake Files\Program Files\VTK\lib\cmake\vtk-8.0\Modules\"/>
		</Unit>
		<Unit filename="D:/GitHub/cpp/ExptoXYZRGBA/Program Files/VTK/lib/cmake/vtk-8.0/Modules/vtkRenderingAnnotation.cmake">
			<Option virtualFolder="CMake Files\Program Files\VTK\lib\cmake\vtk-8.0\Modules\"/>
		</Unit>
		<Unit filename="D:/GitHub/cpp/ExptoXYZRGBA/Program Files/VTK/lib/cmake/vtk-8.0/Modules/vtkRenderingVolume.cmake">
			<Option virtualFolder="CMake Files\Program Files\VTK\lib\cmake\vtk-8.0\Modules\"/>
		</Unit>
		<Unit filename="D:/GitHub/cpp/ExptoXYZRGBA/Program Files/VTK/lib/cmake/vtk-8.0/Modules/vtkViewsCore.cmake">
			<Option virtualFolder="CMake Files\Program Files\VTK\lib\cmake\vtk-8.0\Modules\"/>
		</Unit>
		<Unit filename="D:/GitHub/cpp/ExptoXYZRGBA/Program Files/VTK/lib/cmake/vtk-8.0/Modules/vtklibproj4.cmake">
			<Option virtualFolder="CMake Files\Program Files\VTK\lib\cmake\vtk-8.0\Modules\"/>
		</Unit>
		<Unit filename="D:/GitHub/cpp/ExptoXYZRGBA/Program Files/VTK/lib/cmake/vtk-8.0/Modules/vtkIOAMR.cmake">
			<Option virtualFolder="CMake Files\Program Files\VTK\lib\cmake\vtk-8.0\Modules\"/>
		</Unit>
		<Unit filename="D:/GitHub/cpp/ExptoXYZRGBA/Program Files/VTK/lib/cmake/vtk-8.0/Modules/vtkhdf5.cmake">
			<Option virtualFolder="CMake Files\Program Files\VTK\lib\cmake\vtk-8.0\Modules\"/>
		</Unit>
		<Unit filename="D:/GitHub/cpp/ExptoXYZRGBA/Program Files/VTK/lib/cmake/vtk-8.0/Modules/vtkIOEnSight.cmake">
			<Option virtualFolder="CMake Files\Program Files\VTK\lib\cmake\vtk-8.0\Modules\"/>
		</Unit>
		<Unit filename="D:/GitHub/cpp/ExptoXYZRGBA/Program Files/VTK/lib/cmake/vtk-8.0/Modules/vtkIOExodus.cmake">
			<Option virtualFolder="CMake Files\Program Files\VTK\lib\cmake\vtk-8.0\Modules\"/>
		</Unit>
		<Unit filename="D:/GitHub/cpp/ExptoXYZRGBA/Program Files/VTK/lib/cmake/vtk-8.0/Modules/vtkexodusII.cmake">
			<Option virtualFolder="CMake Files\Program Files\VTK\lib\cmake\vtk-8.0\Modules\"/>
		</Unit>
		<Unit filename="D:/GitHub/cpp/ExptoXYZRGBA/Program Files/VTK/lib/cmake/vtk-8.0/Modules/vtknetcdf.cmake">
			<Option virtualFolder="CMake Files\Program Files\VTK\lib\cmake\vtk-8.0\Modules\"/>
		</Unit>
		<Unit filename="D:/GitHub/cpp/ExptoXYZRGBA/Program Files/VTK/lib/cmake/vtk-8.0/Modules/vtkIOExport.cmake">
			<Option virtualFolder="CMake Files\Program Files\VTK\lib\cmake\vtk-8.0\Modules\"/>
		</Unit>
		<Unit filename="D:/GitHub/cpp/ExptoXYZRGBA/Program Files/VTK/lib/cmake/vtk-8.0/Modules/vtkRenderingGL2PSOpenGL2.cmake">
			<Option virtualFolder="CMake Files\Program Files\VTK\lib\cmake\vtk-8.0\Modules\"/>
		</Unit>
		<Unit filename="D:/GitHub/cpp/ExptoXYZRGBA/Program Files/VTK/lib/cmake/vtk-8.0/Modules/vtkgl2ps.cmake">
			<Option virtualFolder="CMake Files\Program Files\VTK\lib\cmake\vtk-8.0\Modules\"/>
		</Unit>
		<Unit filename="D:/GitHub/cpp/ExptoXYZRGBA/Program Files/VTK/lib/cmake/vtk-8.0/Modules/vtklibharu.cmake">
			<Option virtualFolder="CMake Files\Program Files\VTK\lib\cmake\vtk-8.0\Modules\"/>
		</Unit>
		<Unit filename="D:/GitHub/cpp/ExptoXYZRGBA/Program Files/VTK/lib/cmake/vtk-8.0/Modules/vtkIOExportOpenGL2.cmake">
			<Option virtualFolder="CMake Files\Program Files\VTK\lib\cmake\vtk-8.0\Modules\"/>
		</Unit>
		<Unit filename="D:/GitHub/cpp/ExptoXYZRGBA/Program Files/VTK/lib/cmake/vtk-8.0/Modules/vtkIOGeometry.cmake">
			<Option virtualFolder="CMake Files\Program Files\VTK\lib\cmake\vtk-8.0\Modules\"/>
		</Unit>
		<Unit filename="D:/GitHub/cpp/ExptoXYZRGBA/Program Files/VTK/lib/cmake/vtk-8.0/Modules/vtkIOImport.cmake">
			<Option virtualFolder="CMake Files\Program Files\VTK\lib\cmake\vtk-8.0\Modules\"/>
		</Unit>
		<Unit filename="D:/GitHub/cpp/ExptoXYZRGBA/Program Files/VTK/lib/cmake/vtk-8.0/Modules/vtkIOInfovis.cmake">
			<Option virtualFolder="CMake Files\Program Files\VTK\lib\cmake\vtk-8.0\Modules\"/>
		</Unit>
		<Unit filename="D:/GitHub/cpp/ExptoXYZRGBA/Program Files/VTK/lib/cmake/vtk-8.0/Modules/vtklibxml2.cmake">
			<Option virtualFolder="CMake Files\Program Files\VTK\lib\cmake\vtk-8.0\Modules\"/>
		</Unit>
		<Unit filename="D:/GitHub/cpp/ExptoXYZRGBA/Program Files/VTK/lib/cmake/vtk-8.0/Modules/vtkIOLSDyna.cmake">
			<Option virtualFolder="CMake Files\Program Files\VTK\lib\cmake\vtk-8.0\Modules\"/>
		</Unit>
		<Unit filename="D:/GitHub/cpp/ExptoXYZRGBA/Program Files/VTK/lib/cmake/vtk-8.0/Modules/vtkIOMINC.cmake">
			<Option virtualFolder="CMake Files\Program Files\VTK\lib\cmake\vtk-8.0\Modules\"/>
		</Unit>
		<Unit filename="D:/GitHub/cpp/ExptoXYZRGBA/Program Files/VTK/lib/cmake/vtk-8.0/Modules/vtkIOMPIImage.cmake">
			<Option virtualFolder="CMake Files\Program Files\VTK\lib\cmake\vtk-8.0\Modules\"/>
		</Unit>
		<Unit filename="D:/GitHub/cpp/ExptoXYZRGBA/Program Files/VTK/lib/cmake/vtk-8.0/Modules/vtkIOMPIParallel.cmake">
			<Option virtualFolder="CMake Files\Program Files\VTK\lib\cmake\vtk-8.0\Modules\"/>
		</Unit>
		<Unit filename="D:/GitHub/cpp/ExptoXYZRGBA/Program Files/VTK/lib/cmake/vtk-8.0/Modules/vtkIOParallel.cmake">
			<Option virtualFolder="CMake Files\Program Files\VTK\lib\cmake\vtk-8.0\Modules\"/>
		</Unit>
		<Unit filename="D:/GitHub/cpp/ExptoXYZRGBA/Program Files/VTK/lib/cmake/vtk-8.0/Modules/vtkIONetCDF.cmake">
			<Option virtualFolder="CMake Files\Program Files\VTK\lib\cmake\vtk-8.0\Modules\"/>
		</Unit>
		<Unit filename="D:/GitHub/cpp/ExptoXYZRGBA/Program Files/VTK/lib/cmake/vtk-8.0/Modules/vtknetcdfcpp.cmake">
			<Option virtualFolder="CMake Files\Program Files\VTK\lib\cmake\vtk-8.0\Modules\"/>
		</Unit>
		<Unit filename="D:/GitHub/cpp/ExptoXYZRGBA/Program Files/VTK/lib/cmake/vtk-8.0/Modules/vtkjsoncpp.cmake">
			<Option virtualFolder="CMake Files\Program Files\VTK\lib\cmake\vtk-8.0\Modules\"/>
		</Unit>
		<Unit filename="D:/GitHub/cpp/ExptoXYZRGBA/Program Files/VTK/lib/cmake/vtk-8.0/Modules/vtkIOMovie.cmake">
			<Option virtualFolder="CMake Files\Program Files\VTK\lib\cmake\vtk-8.0\Modules\"/>
		</Unit>
		<Unit filename="D:/GitHub/cpp/ExptoXYZRGBA/Program Files/VTK/lib/cmake/vtk-8.0/Modules/vtkoggtheora.cmake">
			<Option virtualFolder="CMake Files\Program Files\VTK\lib\cmake\vtk-8.0\Modules\"/>
		</Unit>
		<Unit filename="D:/GitHub/cpp/ExptoXYZRGBA/Program Files/VTK/lib/cmake/vtk-8.0/Modules/vtkIOPLY.cmake">
			<Option virtualFolder="CMake Files\Program Files\VTK\lib\cmake\vtk-8.0\Modules\"/>
		</Unit>
		<Unit filename="D:/GitHub/cpp/ExptoXYZRGBA/Program Files/VTK/lib/cmake/vtk-8.0/Modules/vtkIOParallelNetCDF.cmake">
			<Option virtualFolder="CMake Files\Program Files\VTK\lib\cmake\vtk-8.0\Modules\"/>
		</Unit>
		<Unit filename="D:/GitHub/cpp/ExptoXYZRGBA/Program Files/VTK/lib/cmake/vtk-8.0/Modules/vtkIOParallelXML.cmake">
			<Option virtualFolder="CMake Files\Program Files\VTK\lib\cmake\vtk-8.0\Modules\"/>
		</Unit>
		<Unit filename="D:/GitHub/cpp/ExptoXYZRGBA/Program Files/VTK/lib/cmake/vtk-8.0/Modules/vtkIOTecplotTable.cmake">
			<Option virtualFolder="CMake Files\Program Files\VTK\lib\cmake\vtk-8.0\Modules\"/>
		</Unit>
		<Unit filename="D:/GitHub/cpp/ExptoXYZRGBA/Program Files/VTK/lib/cmake/vtk-8.0/Modules/vtkIOVideo.cmake">
			<Option virtualFolder="CMake Files\Program Files\VTK\lib\cmake\vtk-8.0\Modules\"/>
		</Unit>
		<Unit filename="D:/GitHub/cpp/ExptoXYZRGBA/Program Files/VTK/lib/cmake/vtk-8.0/Modules/vtkImagingMath.cmake">
			<Option virtualFolder="CMake Files\Program Files\VTK\lib\cmake\vtk-8.0\Modules\"/>
		</Unit>
		<Unit filename="D:/GitHub/cpp/ExptoXYZRGBA/Program Files/VTK/lib/cmake/vtk-8.0/Modules/vtkImagingMorphological.cmake">
			<Option virtualFolder="CMake Files\Program Files\VTK\lib\cmake\vtk-8.0\Modules\"/>
		</Unit>
		<Unit filename="D:/GitHub/cpp/ExptoXYZRGBA/Program Files/VTK/lib/cmake/vtk-8.0/Modules/vtkImagingOpenGL2.cmake">
			<Option virtualFolder="CMake Files\Program Files\VTK\lib\cmake\vtk-8.0\Modules\"/>
		</Unit>
		<Unit filename="D:/GitHub/cpp/ExptoXYZRGBA/Program Files/VTK/lib/cmake/vtk-8.0/Modules/vtkImagingStatistics.cmake">
			<Option virtualFolder="CMake Files\Program Files\VTK\lib\cmake\vtk-8.0\Modules\"/>
		</Unit>
		<Unit filename="D:/GitHub/cpp/ExptoXYZRGBA/Program Files/VTK/lib/cmake/vtk-8.0/Modules/vtkImagingStencil.cmake">
			<Option virtualFolder="CMake Files\Program Files\VTK\lib\cmake\vtk-8.0\Modules\"/>
		</Unit>
		<Unit filename="D:/GitHub/cpp/ExptoXYZRGBA/Program Files/VTK/lib/cmake/vtk-8.0/Modules/vtkInteractionImage.cmake">
			<Option virtualFolder="CMake Files\Program Files\VTK\lib\cmake\vtk-8.0\Modules\"/>
		</Unit>
		<Unit filename="D:/GitHub/cpp/ExptoXYZRGBA/Program Files/VTK/lib/cmake/vtk-8.0/Modules/vtkLocalExample.cmake">
			<Option virtualFolder="CMake Files\Program Files\VTK\lib\cmake\vtk-8.0\Modules\"/>
		</Unit>
		<Unit filename="D:/GitHub/cpp/ExptoXYZRGBA/Program Files/VTK/lib/cmake/vtk-8.0/Modules/vtkRenderingContextOpenGL2.cmake">
			<Option virtualFolder="CMake Files\Program Files\VTK\lib\cmake\vtk-8.0\Modules\"/>
		</Unit>
		<Unit filename="D:/GitHub/cpp/ExptoXYZRGBA/Program Files/VTK/lib/cmake/vtk-8.0/Modules/vtkRenderingExternal.cmake">
			<Option virtualFolder="CMake Files\Program Files\VTK\lib\cmake\vtk-8.0\Modules\"/>
		</Unit>
		<Unit filename="D:/GitHub/cpp/ExptoXYZRGBA/Program Files/VTK/lib/cmake/vtk-8.0/Modules/vtkRenderingImage.cmake">
			<Option virtualFolder="CMake Files\Program Files\VTK\lib\cmake\vtk-8.0\Modules\"/>
		</Unit>
		<Unit filename="D:/GitHub/cpp/ExptoXYZRGBA/Program Files/VTK/lib/cmake/vtk-8.0/Modules/vtkRenderingLOD.cmake">
			<Option virtualFolder="CMake Files\Program Files\VTK\lib\cmake\vtk-8.0\Modules\"/>
		</Unit>
		<Unit filename="D:/GitHub/cpp/ExptoXYZRGBA/Program Files/VTK/lib/cmake/vtk-8.0/Modules/vtkRenderingLabel.cmake">
			<Option virtualFolder="CMake Files\Program Files\VTK\lib\cmake\vtk-8.0\Modules\"/>
		</Unit>
		<Unit filename="D:/GitHub/cpp/ExptoXYZRGBA/Program Files/VTK/lib/cmake/vtk-8.0/Modules/vtkRenderingParallel.cmake">
			<Option virtualFolder="CMake Files\Program Files\VTK\lib\cmake\vtk-8.0\Modules\"/>
		</Unit>
		<Unit filename="D:/GitHub/cpp/ExptoXYZRGBA/Program Files/VTK/lib/cmake/vtk-8.0/Modules/vtkRenderingQt.cmake">
			<Option virtualFolder="CMake Files\Program Files\VTK\lib\cmake\vtk-8.0\Modules\"/>
		</Unit>
		<Unit filename="D:/GitHub/cpp/ExptoXYZRGBA/Program Files/VTK/lib/cmake/vtk-8.0/Modules/vtkRenderingVolumeOpenGL2.cmake">
			<Option virtualFolder="CMake Files\Program Files\VTK\lib\cmake\vtk-8.0\Modules\"/>
		</Unit>
		<Unit filename="D:/GitHub/cpp/ExptoXYZRGBA/Program Files/VTK/lib/cmake/vtk-8.0/Modules/vtkTestingCore.cmake">
			<Option virtualFolder="CMake Files\Program Files\VTK\lib\cmake\vtk-8.0\Modules\"/>
		</Unit>
		<Unit filename="D:/GitHub/cpp/ExptoXYZRGBA/Program Files/VTK/lib/cmake/vtk-8.0/Modules/vtkTestingRendering.cmake">
			<Option virtualFolder="CMake Files\Program Files\VTK\lib\cmake\vtk-8.0\Modules\"/>
		</Unit>
		<Unit filename="D:/GitHub/cpp/ExptoXYZRGBA/Program Files/VTK/lib/cmake/vtk-8.0/Modules/vtkViewsContext2D.cmake">
			<Option virtualFolder="CMake Files\Program Files\VTK\lib\cmake\vtk-8.0\Modules\"/>
		</Unit>
		<Unit filename="D:/GitHub/cpp/ExptoXYZRGBA/Program Files/VTK/lib/cmake/vtk-8.0/Modules/vtkViewsGeovis.cmake">
			<Option virtualFolder="CMake Files\Program Files\VTK\lib\cmake\vtk-8.0\Modules\"/>
		</Unit>
		<Unit filename="D:/GitHub/cpp/ExptoXYZRGBA/Program Files/VTK/lib/cmake/vtk-8.0/Modules/vtkViewsInfovis.cmake">
			<Option virtualFolder="CMake Files\Program Files\VTK\lib\cmake\vtk-8.0\Modules\"/>
		</Unit>
		<Unit filename="D:/GitHub/cpp/ExptoXYZRGBA/Program Files/VTK/lib/cmake/vtk-8.0/Modules/vtkViewsQt.cmake">
			<Option virtualFolder="CMake Files\Program Files\VTK\lib\cmake\vtk-8.0\Modules\"/>
		</Unit>
	</Project>
</CodeBlocks_project_file>
